// !$*UTF8*$!
{
	archiveVersion = 1;
	classes = {
	};
	objectVersion = 50;
	objects = {

/* Begin PBXBuildFile section */
		3D0D89642A677A7944FEBA0A /* libPods-Map.a in Frameworks */ = {isa = PBXBuildFile; fileRef = 4E3475517200628FE2AB9731 /* libPods-Map.a */; };
		4F04453C21FCB33500C4F71E /* MAPMotiveAudioButton.m in Sources */ = {isa = PBXBuildFile; fileRef = 4F04453B21FCB33500C4F71E /* MAPMotiveAudioButton.m */; };
		4F04454221FCBA9200C4F71E /* MAPDynamicStateTableViewCell.m in Sources */ = {isa = PBXBuildFile; fileRef = 4F04454121FCBA9200C4F71E /* MAPDynamicStateTableViewCell.m */; };
		4F071BB92232A8F00093E57E /* ico_check_nomal.png in Resources */ = {isa = PBXBuildFile; fileRef = 4F071BB82232A8F00093E57E /* ico_check_nomal.png */; };
		4F071BBB2232A8FD0093E57E /* ico_check_select.png in Resources */ = {isa = PBXBuildFile; fileRef = 4F071BBA2232A8FC0093E57E /* ico_check_select.png */; };
		4F071BBD2232A9C00093E57E /* noimage.png in Resources */ = {isa = PBXBuildFile; fileRef = 4F071BBC2232A9C00093E57E /* noimage.png */; };
		4F07AE6022282506002071BB /* MAPAddCommentsView.m in Sources */ = {isa = PBXBuildFile; fileRef = 4F07AE5F22282506002071BB /* MAPAddCommentsView.m */; };
		4F07E54C222E8B0600F00EDD /* MAPPhotoKitViewController.m in Sources */ = {isa = PBXBuildFile; fileRef = 4F07E54B222E8B0600F00EDD /* MAPPhotoKitViewController.m */; };
		4F07E552222EB1A800F00EDD /* MAPPhotoSelectViewController.m in Sources */ = {isa = PBXBuildFile; fileRef = 4F07E551222EB1A800F00EDD /* MAPPhotoSelectViewController.m */; };
		4F08DD7E220C2D1B00BCF161 /* MAPAddVedioView.m in Sources */ = {isa = PBXBuildFile; fileRef = 4F08DD7D220C2D1B00BCF161 /* MAPAddVedioView.m */; };
		4F0A15CD22069FD9007F1D0D /* MAPAddPicturesView.m in Sources */ = {isa = PBXBuildFile; fileRef = 4F0A15CC22069FD9007F1D0D /* MAPAddPicturesView.m */; };
		4F0A5CF82233F4BC00C010C4 /* MAPScrollerViewShowPhotoViewController.m in Sources */ = {isa = PBXBuildFile; fileRef = 4F0A5CF72233F4BC00C010C4 /* MAPScrollerViewShowPhotoViewController.m */; };
		4F0BDFD722368621002AA1FF /* photoBack.png in Resources */ = {isa = PBXBuildFile; fileRef = 4F0BDFD622368621002AA1FF /* photoBack.png */; };
		4F0BDFDA22369AB4002AA1FF /* MAPShowPhotoCollectionViewCell.m in Sources */ = {isa = PBXBuildFile; fileRef = 4F0BDFD922369AB4002AA1FF /* MAPShowPhotoCollectionViewCell.m */; };
		4F0C2A60220D932400102404 /* shanchu.png in Resources */ = {isa = PBXBuildFile; fileRef = 4F0C2A5F220D932400102404 /* shanchu.png */; };
		4F0C47D92231581D00EC78D8 /* MAPAddPicturesCollectionViewCell.m in Sources */ = {isa = PBXBuildFile; fileRef = 4F0C47D82231581D00EC78D8 /* MAPAddPicturesCollectionViewCell.m */; };
		4F0DD90622018F08006BD23F /* MAPMotiveVideoButtonView.m in Sources */ = {isa = PBXBuildFile; fileRef = 4F0DD90522018F08006BD23F /* MAPMotiveVideoButtonView.m */; };
		4F0EEE50222FF3770020F5FF /* MAPPhotoSelectCollectionViewCell.m in Sources */ = {isa = PBXBuildFile; fileRef = 4F0EEE4F222FF3770020F5FF /* MAPPhotoSelectCollectionViewCell.m */; };
		4F0FF7CA21FD8AA3005A3E64 /* MAPMotiveVideoButton.m in Sources */ = {isa = PBXBuildFile; fileRef = 4F0FF7C921FD8AA3005A3E64 /* MAPMotiveVideoButton.m */; };
		4F0FF7CF21FDA1DD005A3E64 /* ai06.png in Resources */ = {isa = PBXBuildFile; fileRef = 4F0FF7CE21FDA1DD005A3E64 /* ai06.png */; };
		4F0FF7D121FDA1E5005A3E64 /* bofang.png in Resources */ = {isa = PBXBuildFile; fileRef = 4F0FF7D021FDA1E5005A3E64 /* bofang.png */; };
		4F1013B521F6EF1E00C549A3 /* MAPDynamicStateViewController.m in Sources */ = {isa = PBXBuildFile; fileRef = 4F1013B421F6EF1E00C549A3 /* MAPDynamicStateViewController.m */; };
		4F1013B821F6EF3A00C549A3 /* MAPDynamicStateView.m in Sources */ = {isa = PBXBuildFile; fileRef = 4F1013B721F6EF3A00C549A3 /* MAPDynamicStateView.m */; };
		4F10661821F327970035E47A /* MAPPaopaoView.m in Sources */ = {isa = PBXBuildFile; fileRef = 4F10661721F327970035E47A /* MAPPaopaoView.m */; };
		4F10661B21F328A10035E47A /* MAPPaopaoButton.m in Sources */ = {isa = PBXBuildFile; fileRef = 4F10661A21F328A10035E47A /* MAPPaopaoButton.m */; };
		4F10662121F335A10035E47A /* MAPAnnotationView.m in Sources */ = {isa = PBXBuildFile; fileRef = 4F10662021F335A10035E47A /* MAPAnnotationView.m */; };
		4F14204B2204344D00A6E769 /* MAPAddDynamicStateView.m in Sources */ = {isa = PBXBuildFile; fileRef = 4F14204A2204344D00A6E769 /* MAPAddDynamicStateView.m */; };
		4F2BBC10222C15B800306ECE /* xukuang.png in Resources */ = {isa = PBXBuildFile; fileRef = 4F2BBC0F222C15B800306ECE /* xukuang.png */; };
		4F2C2C1D2202DF9E00CA0ECB /* MAPAddDynamicStateViewController.m in Sources */ = {isa = PBXBuildFile; fileRef = 4F2C2C1C2202DF9E00CA0ECB /* MAPAddDynamicStateViewController.m */; };
		4F2C2C202202DFFB00CA0ECB /* MAPIssueView.m in Sources */ = {isa = PBXBuildFile; fileRef = 4F2C2C1F2202DFFB00CA0ECB /* MAPIssueView.m */; };
		4F2C2C232202E05100CA0ECB /* MAPIssueButton.m in Sources */ = {isa = PBXBuildFile; fileRef = 4F2C2C222202E05100CA0ECB /* MAPIssueButton.m */; };
		4F2C5E6C21F9A17E00DCF62A /* MAPMotivePicturesCollectionViewCell.m in Sources */ = {isa = PBXBuildFile; fileRef = 4F2C5E6B21F9A17E00DCF62A /* MAPMotivePicturesCollectionViewCell.m */; };
		4F2C5E6F21F9A44F00DCF62A /* MAPMotivePicturesView.m in Sources */ = {isa = PBXBuildFile; fileRef = 4F2C5E6E21F9A44F00DCF62A /* MAPMotivePicturesView.m */; };
		4F2C5E7C21F9AF0800DCF62A /* upPicture4.png in Resources */ = {isa = PBXBuildFile; fileRef = 4F2C5E7021F9AF0700DCF62A /* upPicture4.png */; };
		4F2C5E7D21F9AF0800DCF62A /* upPicture5.png in Resources */ = {isa = PBXBuildFile; fileRef = 4F2C5E7121F9AF0700DCF62A /* upPicture5.png */; };
		4F2C5E7E21F9AF0800DCF62A /* upPicture8.png in Resources */ = {isa = PBXBuildFile; fileRef = 4F2C5E7221F9AF0700DCF62A /* upPicture8.png */; };
		4F2C5E7F21F9AF0800DCF62A /* upPicture9.png in Resources */ = {isa = PBXBuildFile; fileRef = 4F2C5E7321F9AF0700DCF62A /* upPicture9.png */; };
		4F2C5E8021F9AF0800DCF62A /* upPicture10.png in Resources */ = {isa = PBXBuildFile; fileRef = 4F2C5E7421F9AF0700DCF62A /* upPicture10.png */; };
		4F2C5E8121F9AF0800DCF62A /* upPicture11.png in Resources */ = {isa = PBXBuildFile; fileRef = 4F2C5E7521F9AF0700DCF62A /* upPicture11.png */; };
		4F2C5E8221F9AF0800DCF62A /* upPicture1.png in Resources */ = {isa = PBXBuildFile; fileRef = 4F2C5E7621F9AF0800DCF62A /* upPicture1.png */; };
		4F2C5E8321F9AF0800DCF62A /* upPicture12.png in Resources */ = {isa = PBXBuildFile; fileRef = 4F2C5E7721F9AF0800DCF62A /* upPicture12.png */; };
		4F2C5E8421F9AF0800DCF62A /* upPicture2.png in Resources */ = {isa = PBXBuildFile; fileRef = 4F2C5E7821F9AF0800DCF62A /* upPicture2.png */; };
		4F2C5E8521F9AF0800DCF62A /* upPicture6.png in Resources */ = {isa = PBXBuildFile; fileRef = 4F2C5E7921F9AF0800DCF62A /* upPicture6.png */; };
		4F2C5E8621F9AF0800DCF62A /* upPicture7.png in Resources */ = {isa = PBXBuildFile; fileRef = 4F2C5E7A21F9AF0800DCF62A /* upPicture7.png */; };
		4F2C5E8721F9AF0800DCF62A /* upPicture3.png in Resources */ = {isa = PBXBuildFile; fileRef = 4F2C5E7B21F9AF0800DCF62A /* upPicture3.png */; };
		4F4DF5812212BF8900A5E153 /* MAPAddDynamicStateJSONModel.m in Sources */ = {isa = PBXBuildFile; fileRef = 4F4DF5802212BF8900A5E153 /* MAPAddDynamicStateJSONModel.m */; };
		4F8B6B8F221D219100A6E21A /* MAPRecommendViewController.m in Sources */ = {isa = PBXBuildFile; fileRef = 4F8B6B8E221D219100A6E21A /* MAPRecommendViewController.m */; };
		4F8B6B93221D21CC00A6E21A /* MAPRecommendView.m in Sources */ = {isa = PBXBuildFile; fileRef = 4F8B6B92221D21CC00A6E21A /* MAPRecommendView.m */; };
		4F97E14422202D950084F476 /* MAPLineView.m in Sources */ = {isa = PBXBuildFile; fileRef = 4F97E14322202D950084F476 /* MAPLineView.m */; };
		4FDD95702211CFE30047A9BC /* MAPMotiveReplyView.m in Sources */ = {isa = PBXBuildFile; fileRef = 4FDD956F2211CFE30047A9BC /* MAPMotiveReplyView.m */; };
		D61D0F79221D423D0098483A /* MAPLoginManager.m in Sources */ = {isa = PBXBuildFile; fileRef = D61D0F78221D423D0098483A /* MAPLoginManager.m */; };
		D61D0F80221D44BA0098483A /* MAPGetUserMessageModel.m in Sources */ = {isa = PBXBuildFile; fileRef = D61D0F7F221D44BA0098483A /* MAPGetUserMessageModel.m */; };
		D620E5312221AC9400CEF270 /* Info.plist in Resources */ = {isa = PBXBuildFile; fileRef = D620E5302221AC9400CEF270 /* Info.plist */; };
		D622B1BA2201DB4C004F3C6A /* MAPAlertView.m in Sources */ = {isa = PBXBuildFile; fileRef = D622B1B92201DB4C004F3C6A /* MAPAlertView.m */; };
		D638A76421F1DAF3005DFDFD /* add.png in Resources */ = {isa = PBXBuildFile; fileRef = D638A74D21F1DAF3005DFDFD /* add.png */; };
		D638A76521F1DAF3005DFDFD /* back.png in Resources */ = {isa = PBXBuildFile; fileRef = D638A74E21F1DAF3005DFDFD /* back.png */; };
		D638A76621F1DAF3005DFDFD /* cancel.png in Resources */ = {isa = PBXBuildFile; fileRef = D638A74F21F1DAF3005DFDFD /* cancel.png */; };
		D638A76721F1DAF3005DFDFD /* comment.png in Resources */ = {isa = PBXBuildFile; fileRef = D638A75021F1DAF3005DFDFD /* comment.png */; };
		D638A76821F1DAF3005DFDFD /* compass.png in Resources */ = {isa = PBXBuildFile; fileRef = D638A75121F1DAF3005DFDFD /* compass.png */; };
		D638A76921F1DAF3005DFDFD /* comt.png in Resources */ = {isa = PBXBuildFile; fileRef = D638A75221F1DAF3005DFDFD /* comt.png */; };
		D638A76A21F1DAF3005DFDFD /* image.png in Resources */ = {isa = PBXBuildFile; fileRef = D638A75321F1DAF3005DFDFD /* image.png */; };
		D638A76B21F1DAF3005DFDFD /* info.png in Resources */ = {isa = PBXBuildFile; fileRef = D638A75421F1DAF3005DFDFD /* info.png */; };
		D638A76C21F1DAF3005DFDFD /* like.png in Resources */ = {isa = PBXBuildFile; fileRef = D638A75521F1DAF3005DFDFD /* like.png */; };
		D638A76D21F1DAF3005DFDFD /* link.png in Resources */ = {isa = PBXBuildFile; fileRef = D638A75621F1DAF3005DFDFD /* link.png */; };
		D638A76E21F1DAF3005DFDFD /* local.png in Resources */ = {isa = PBXBuildFile; fileRef = D638A75721F1DAF3005DFDFD /* local.png */; };
		D638A76F21F1DAF3005DFDFD /* menu.png in Resources */ = {isa = PBXBuildFile; fileRef = D638A75821F1DAF3005DFDFD /* menu.png */; };
		D638A77021F1DAF3005DFDFD /* priv.png in Resources */ = {isa = PBXBuildFile; fileRef = D638A75921F1DAF3005DFDFD /* priv.png */; };
		D638A77121F1DAF3005DFDFD /* QQ.png in Resources */ = {isa = PBXBuildFile; fileRef = D638A75A21F1DAF3005DFDFD /* QQ.png */; };
		D638A77221F1DAF3005DFDFD /* sound.png in Resources */ = {isa = PBXBuildFile; fileRef = D638A75B21F1DAF3005DFDFD /* sound.png */; };
		D638A77321F1DAF3005DFDFD /* souRed.png in Resources */ = {isa = PBXBuildFile; fileRef = D638A75C21F1DAF3005DFDFD /* souRed.png */; };
		D638A77421F1DAF3005DFDFD /* start.png in Resources */ = {isa = PBXBuildFile; fileRef = D638A75D21F1DAF3005DFDFD /* start.png */; };
		D638A77521F1DAF3005DFDFD /* video.png in Resources */ = {isa = PBXBuildFile; fileRef = D638A75E21F1DAF3005DFDFD /* video.png */; };
		D638A77621F1DAF3005DFDFD /* voice.png in Resources */ = {isa = PBXBuildFile; fileRef = D638A75F21F1DAF3005DFDFD /* voice.png */; };
		D638A77721F1DAF3005DFDFD /* weChat.png in Resources */ = {isa = PBXBuildFile; fileRef = D638A76021F1DAF3005DFDFD /* weChat.png */; };
		D638A77821F1DAF3005DFDFD /* weibo.png in Resources */ = {isa = PBXBuildFile; fileRef = D638A76121F1DAF3005DFDFD /* weibo.png */; };
		D638A77921F1DAF3005DFDFD /* 头像.JPG in Resources */ = {isa = PBXBuildFile; fileRef = D638A76221F1DAF3005DFDFD /* 头像.JPG */; };
		D638A77A21F1DAF3005DFDFD /* 定位.png in Resources */ = {isa = PBXBuildFile; fileRef = D638A76321F1DAF3005DFDFD /* 定位.png */; };
		D64FBBBF21EC886B00CB3BFC /* MAPHomePageViewController.m in Sources */ = {isa = PBXBuildFile; fileRef = D64FBBBB21EC886B00CB3BFC /* MAPHomePageViewController.m */; };
		D64FBBC021EC886B00CB3BFC /* MAPHomePageView.m in Sources */ = {isa = PBXBuildFile; fileRef = D64FBBBE21EC886B00CB3BFC /* MAPHomePageView.m */; };
		D660A4B52225506F00E30917 /* MAPGetPointManager.m in Sources */ = {isa = PBXBuildFile; fileRef = D660A4B42225506F00E30917 /* MAPGetPointManager.m */; };
		D660A4B82225519800E30917 /* MAPGetPointModel.m in Sources */ = {isa = PBXBuildFile; fileRef = D660A4B72225519800E30917 /* MAPGetPointModel.m */; };
		D66CCE0F21E4B45A009ADD17 /* AppDelegate.m in Sources */ = {isa = PBXBuildFile; fileRef = D66CCE0E21E4B45A009ADD17 /* AppDelegate.m */; };
		D66CCE1521E4B45A009ADD17 /* Main.storyboard in Resources */ = {isa = PBXBuildFile; fileRef = D66CCE1321E4B45A009ADD17 /* Main.storyboard */; };
		D66CCE1721E4B45B009ADD17 /* Assets.xcassets in Resources */ = {isa = PBXBuildFile; fileRef = D66CCE1621E4B45B009ADD17 /* Assets.xcassets */; };
		D66CCE1A21E4B45B009ADD17 /* LaunchScreen.storyboard in Resources */ = {isa = PBXBuildFile; fileRef = D66CCE1821E4B45B009ADD17 /* LaunchScreen.storyboard */; };
		D66CCE1D21E4B45B009ADD17 /* main.m in Sources */ = {isa = PBXBuildFile; fileRef = D66CCE1C21E4B45B009ADD17 /* main.m */; };
		D68297622223D87F00D3F4A8 /* MAPAddPointManager.m in Sources */ = {isa = PBXBuildFile; fileRef = D68297612223D87F00D3F4A8 /* MAPAddPointManager.m */; };
		D68297662223DA2A00D3F4A8 /* MAPAddPointModel.m in Sources */ = {isa = PBXBuildFile; fileRef = D68297652223DA2A00D3F4A8 /* MAPAddPointModel.m */; };
		D6DAE38022145832009B1406 /* MAPCommentModel.m in Sources */ = {isa = PBXBuildFile; fileRef = D6DAE37F22145832009B1406 /* MAPCommentModel.m */; };
/* End PBXBuildFile section */

/* Begin PBXFileReference section */
		2A0080EBCDB4CF65767B3A9B /* Pods-Map.debug.xcconfig */ = {isa = PBXFileReference; includeInIndex = 1; lastKnownFileType = text.xcconfig; name = "Pods-Map.debug.xcconfig"; path = "Pods/Target Support Files/Pods-Map/Pods-Map.debug.xcconfig"; sourceTree = "<group>"; };
		4E3475517200628FE2AB9731 /* libPods-Map.a */ = {isa = PBXFileReference; explicitFileType = archive.ar; includeInIndex = 0; path = "libPods-Map.a"; sourceTree = BUILT_PRODUCTS_DIR; };
		4F04453A21FCB33500C4F71E /* MAPMotiveAudioButton.h */ = {isa = PBXFileReference; lastKnownFileType = sourcecode.c.h; path = MAPMotiveAudioButton.h; sourceTree = "<group>"; };
		4F04453B21FCB33500C4F71E /* MAPMotiveAudioButton.m */ = {isa = PBXFileReference; lastKnownFileType = sourcecode.c.objc; path = MAPMotiveAudioButton.m; sourceTree = "<group>"; };
		4F04454021FCBA9200C4F71E /* MAPDynamicStateTableViewCell.h */ = {isa = PBXFileReference; lastKnownFileType = sourcecode.c.h; path = MAPDynamicStateTableViewCell.h; sourceTree = "<group>"; };
		4F04454121FCBA9200C4F71E /* MAPDynamicStateTableViewCell.m */ = {isa = PBXFileReference; lastKnownFileType = sourcecode.c.objc; path = MAPDynamicStateTableViewCell.m; sourceTree = "<group>"; };
		4F071BB82232A8F00093E57E /* ico_check_nomal.png */ = {isa = PBXFileReference; lastKnownFileType = image.png; path = ico_check_nomal.png; sourceTree = "<group>"; };
		4F071BBA2232A8FC0093E57E /* ico_check_select.png */ = {isa = PBXFileReference; lastKnownFileType = image.png; path = ico_check_select.png; sourceTree = "<group>"; };
		4F071BBC2232A9C00093E57E /* noimage.png */ = {isa = PBXFileReference; lastKnownFileType = image.png; path = noimage.png; sourceTree = "<group>"; };
		4F07AE5E22282506002071BB /* MAPAddCommentsView.h */ = {isa = PBXFileReference; lastKnownFileType = sourcecode.c.h; path = MAPAddCommentsView.h; sourceTree = "<group>"; };
		4F07AE5F22282506002071BB /* MAPAddCommentsView.m */ = {isa = PBXFileReference; lastKnownFileType = sourcecode.c.objc; path = MAPAddCommentsView.m; sourceTree = "<group>"; };
		4F07E54A222E8B0600F00EDD /* MAPPhotoKitViewController.h */ = {isa = PBXFileReference; lastKnownFileType = sourcecode.c.h; path = MAPPhotoKitViewController.h; sourceTree = "<group>"; };
		4F07E54B222E8B0600F00EDD /* MAPPhotoKitViewController.m */ = {isa = PBXFileReference; lastKnownFileType = sourcecode.c.objc; path = MAPPhotoKitViewController.m; sourceTree = "<group>"; };
		4F07E550222EB1A800F00EDD /* MAPPhotoSelectViewController.h */ = {isa = PBXFileReference; lastKnownFileType = sourcecode.c.h; path = MAPPhotoSelectViewController.h; sourceTree = "<group>"; };
		4F07E551222EB1A800F00EDD /* MAPPhotoSelectViewController.m */ = {isa = PBXFileReference; lastKnownFileType = sourcecode.c.objc; path = MAPPhotoSelectViewController.m; sourceTree = "<group>"; };
		4F08DD7C220C2D1B00BCF161 /* MAPAddVedioView.h */ = {isa = PBXFileReference; lastKnownFileType = sourcecode.c.h; path = MAPAddVedioView.h; sourceTree = "<group>"; };
		4F08DD7D220C2D1B00BCF161 /* MAPAddVedioView.m */ = {isa = PBXFileReference; lastKnownFileType = sourcecode.c.objc; path = MAPAddVedioView.m; sourceTree = "<group>"; };
		4F0A15CB22069FD9007F1D0D /* MAPAddPicturesView.h */ = {isa = PBXFileReference; lastKnownFileType = sourcecode.c.h; path = MAPAddPicturesView.h; sourceTree = "<group>"; };
		4F0A15CC22069FD9007F1D0D /* MAPAddPicturesView.m */ = {isa = PBXFileReference; lastKnownFileType = sourcecode.c.objc; path = MAPAddPicturesView.m; sourceTree = "<group>"; };
		4F0A5CF62233F4BC00C010C4 /* MAPScrollerViewShowPhotoViewController.h */ = {isa = PBXFileReference; lastKnownFileType = sourcecode.c.h; path = MAPScrollerViewShowPhotoViewController.h; sourceTree = "<group>"; };
		4F0A5CF72233F4BC00C010C4 /* MAPScrollerViewShowPhotoViewController.m */ = {isa = PBXFileReference; lastKnownFileType = sourcecode.c.objc; path = MAPScrollerViewShowPhotoViewController.m; sourceTree = "<group>"; };
		4F0BDFD622368621002AA1FF /* photoBack.png */ = {isa = PBXFileReference; lastKnownFileType = image.png; path = photoBack.png; sourceTree = "<group>"; };
		4F0BDFD822369AB4002AA1FF /* MAPShowPhotoCollectionViewCell.h */ = {isa = PBXFileReference; lastKnownFileType = sourcecode.c.h; path = MAPShowPhotoCollectionViewCell.h; sourceTree = "<group>"; };
		4F0BDFD922369AB4002AA1FF /* MAPShowPhotoCollectionViewCell.m */ = {isa = PBXFileReference; lastKnownFileType = sourcecode.c.objc; path = MAPShowPhotoCollectionViewCell.m; sourceTree = "<group>"; };
		4F0C2A5F220D932400102404 /* shanchu.png */ = {isa = PBXFileReference; lastKnownFileType = image.png; path = shanchu.png; sourceTree = "<group>"; };
		4F0C47D72231581D00EC78D8 /* MAPAddPicturesCollectionViewCell.h */ = {isa = PBXFileReference; lastKnownFileType = sourcecode.c.h; path = MAPAddPicturesCollectionViewCell.h; sourceTree = "<group>"; };
		4F0C47D82231581D00EC78D8 /* MAPAddPicturesCollectionViewCell.m */ = {isa = PBXFileReference; lastKnownFileType = sourcecode.c.objc; path = MAPAddPicturesCollectionViewCell.m; sourceTree = "<group>"; };
		4F0DD90422018F08006BD23F /* MAPMotiveVideoButtonView.h */ = {isa = PBXFileReference; lastKnownFileType = sourcecode.c.h; path = MAPMotiveVideoButtonView.h; sourceTree = "<group>"; };
		4F0DD90522018F08006BD23F /* MAPMotiveVideoButtonView.m */ = {isa = PBXFileReference; lastKnownFileType = sourcecode.c.objc; path = MAPMotiveVideoButtonView.m; sourceTree = "<group>"; };
		4F0EEE4E222FF3770020F5FF /* MAPPhotoSelectCollectionViewCell.h */ = {isa = PBXFileReference; lastKnownFileType = sourcecode.c.h; path = MAPPhotoSelectCollectionViewCell.h; sourceTree = "<group>"; };
		4F0EEE4F222FF3770020F5FF /* MAPPhotoSelectCollectionViewCell.m */ = {isa = PBXFileReference; lastKnownFileType = sourcecode.c.objc; path = MAPPhotoSelectCollectionViewCell.m; sourceTree = "<group>"; };
		4F0FF7C821FD8AA3005A3E64 /* MAPMotiveVideoButton.h */ = {isa = PBXFileReference; lastKnownFileType = sourcecode.c.h; path = MAPMotiveVideoButton.h; sourceTree = "<group>"; };
		4F0FF7C921FD8AA3005A3E64 /* MAPMotiveVideoButton.m */ = {isa = PBXFileReference; lastKnownFileType = sourcecode.c.objc; path = MAPMotiveVideoButton.m; sourceTree = "<group>"; };
		4F0FF7CE21FDA1DD005A3E64 /* ai06.png */ = {isa = PBXFileReference; lastKnownFileType = image.png; path = ai06.png; sourceTree = "<group>"; };
		4F0FF7D021FDA1E5005A3E64 /* bofang.png */ = {isa = PBXFileReference; lastKnownFileType = image.png; path = bofang.png; sourceTree = "<group>"; };
		4F1013B321F6EF1E00C549A3 /* MAPDynamicStateViewController.h */ = {isa = PBXFileReference; lastKnownFileType = sourcecode.c.h; path = MAPDynamicStateViewController.h; sourceTree = "<group>"; };
		4F1013B421F6EF1E00C549A3 /* MAPDynamicStateViewController.m */ = {isa = PBXFileReference; lastKnownFileType = sourcecode.c.objc; path = MAPDynamicStateViewController.m; sourceTree = "<group>"; };
		4F1013B621F6EF3A00C549A3 /* MAPDynamicStateView.h */ = {isa = PBXFileReference; lastKnownFileType = sourcecode.c.h; path = MAPDynamicStateView.h; sourceTree = "<group>"; };
		4F1013B721F6EF3A00C549A3 /* MAPDynamicStateView.m */ = {isa = PBXFileReference; lastKnownFileType = sourcecode.c.objc; path = MAPDynamicStateView.m; sourceTree = "<group>"; };
		4F10661621F327970035E47A /* MAPPaopaoView.h */ = {isa = PBXFileReference; lastKnownFileType = sourcecode.c.h; path = MAPPaopaoView.h; sourceTree = "<group>"; };
		4F10661721F327970035E47A /* MAPPaopaoView.m */ = {isa = PBXFileReference; lastKnownFileType = sourcecode.c.objc; path = MAPPaopaoView.m; sourceTree = "<group>"; };
		4F10661921F328A10035E47A /* MAPPaopaoButton.h */ = {isa = PBXFileReference; lastKnownFileType = sourcecode.c.h; path = MAPPaopaoButton.h; sourceTree = "<group>"; };
		4F10661A21F328A10035E47A /* MAPPaopaoButton.m */ = {isa = PBXFileReference; lastKnownFileType = sourcecode.c.objc; path = MAPPaopaoButton.m; sourceTree = "<group>"; };
		4F10661F21F335A10035E47A /* MAPAnnotationView.h */ = {isa = PBXFileReference; lastKnownFileType = sourcecode.c.h; path = MAPAnnotationView.h; sourceTree = "<group>"; };
		4F10662021F335A10035E47A /* MAPAnnotationView.m */ = {isa = PBXFileReference; lastKnownFileType = sourcecode.c.objc; path = MAPAnnotationView.m; sourceTree = "<group>"; };
		4F1420492204344D00A6E769 /* MAPAddDynamicStateView.h */ = {isa = PBXFileReference; lastKnownFileType = sourcecode.c.h; path = MAPAddDynamicStateView.h; sourceTree = "<group>"; };
		4F14204A2204344D00A6E769 /* MAPAddDynamicStateView.m */ = {isa = PBXFileReference; lastKnownFileType = sourcecode.c.objc; path = MAPAddDynamicStateView.m; sourceTree = "<group>"; };
		4F2BBC0F222C15B800306ECE /* xukuang.png */ = {isa = PBXFileReference; lastKnownFileType = image.png; path = xukuang.png; sourceTree = "<group>"; };
		4F2C2C1B2202DF9E00CA0ECB /* MAPAddDynamicStateViewController.h */ = {isa = PBXFileReference; lastKnownFileType = sourcecode.c.h; path = MAPAddDynamicStateViewController.h; sourceTree = "<group>"; };
		4F2C2C1C2202DF9E00CA0ECB /* MAPAddDynamicStateViewController.m */ = {isa = PBXFileReference; lastKnownFileType = sourcecode.c.objc; path = MAPAddDynamicStateViewController.m; sourceTree = "<group>"; };
		4F2C2C1E2202DFFB00CA0ECB /* MAPIssueView.h */ = {isa = PBXFileReference; lastKnownFileType = sourcecode.c.h; path = MAPIssueView.h; sourceTree = "<group>"; };
		4F2C2C1F2202DFFB00CA0ECB /* MAPIssueView.m */ = {isa = PBXFileReference; lastKnownFileType = sourcecode.c.objc; path = MAPIssueView.m; sourceTree = "<group>"; };
		4F2C2C212202E05100CA0ECB /* MAPIssueButton.h */ = {isa = PBXFileReference; lastKnownFileType = sourcecode.c.h; path = MAPIssueButton.h; sourceTree = "<group>"; };
		4F2C2C222202E05100CA0ECB /* MAPIssueButton.m */ = {isa = PBXFileReference; lastKnownFileType = sourcecode.c.objc; path = MAPIssueButton.m; sourceTree = "<group>"; };
		4F2C5E6A21F9A17E00DCF62A /* MAPMotivePicturesCollectionViewCell.h */ = {isa = PBXFileReference; lastKnownFileType = sourcecode.c.h; path = MAPMotivePicturesCollectionViewCell.h; sourceTree = "<group>"; };
		4F2C5E6B21F9A17E00DCF62A /* MAPMotivePicturesCollectionViewCell.m */ = {isa = PBXFileReference; lastKnownFileType = sourcecode.c.objc; path = MAPMotivePicturesCollectionViewCell.m; sourceTree = "<group>"; };
		4F2C5E6D21F9A44F00DCF62A /* MAPMotivePicturesView.h */ = {isa = PBXFileReference; lastKnownFileType = sourcecode.c.h; path = MAPMotivePicturesView.h; sourceTree = "<group>"; };
		4F2C5E6E21F9A44F00DCF62A /* MAPMotivePicturesView.m */ = {isa = PBXFileReference; lastKnownFileType = sourcecode.c.objc; path = MAPMotivePicturesView.m; sourceTree = "<group>"; };
		4F2C5E7021F9AF0700DCF62A /* upPicture4.png */ = {isa = PBXFileReference; lastKnownFileType = image.png; path = upPicture4.png; sourceTree = "<group>"; };
		4F2C5E7121F9AF0700DCF62A /* upPicture5.png */ = {isa = PBXFileReference; lastKnownFileType = image.png; path = upPicture5.png; sourceTree = "<group>"; };
		4F2C5E7221F9AF0700DCF62A /* upPicture8.png */ = {isa = PBXFileReference; lastKnownFileType = image.png; path = upPicture8.png; sourceTree = "<group>"; };
		4F2C5E7321F9AF0700DCF62A /* upPicture9.png */ = {isa = PBXFileReference; lastKnownFileType = image.png; path = upPicture9.png; sourceTree = "<group>"; };
		4F2C5E7421F9AF0700DCF62A /* upPicture10.png */ = {isa = PBXFileReference; lastKnownFileType = image.png; path = upPicture10.png; sourceTree = "<group>"; };
		4F2C5E7521F9AF0700DCF62A /* upPicture11.png */ = {isa = PBXFileReference; lastKnownFileType = image.png; path = upPicture11.png; sourceTree = "<group>"; };
		4F2C5E7621F9AF0800DCF62A /* upPicture1.png */ = {isa = PBXFileReference; lastKnownFileType = image.png; path = upPicture1.png; sourceTree = "<group>"; };
		4F2C5E7721F9AF0800DCF62A /* upPicture12.png */ = {isa = PBXFileReference; lastKnownFileType = image.png; path = upPicture12.png; sourceTree = "<group>"; };
		4F2C5E7821F9AF0800DCF62A /* upPicture2.png */ = {isa = PBXFileReference; lastKnownFileType = image.png; path = upPicture2.png; sourceTree = "<group>"; };
		4F2C5E7921F9AF0800DCF62A /* upPicture6.png */ = {isa = PBXFileReference; lastKnownFileType = image.png; path = upPicture6.png; sourceTree = "<group>"; };
		4F2C5E7A21F9AF0800DCF62A /* upPicture7.png */ = {isa = PBXFileReference; lastKnownFileType = image.png; path = upPicture7.png; sourceTree = "<group>"; };
		4F2C5E7B21F9AF0800DCF62A /* upPicture3.png */ = {isa = PBXFileReference; lastKnownFileType = image.png; path = upPicture3.png; sourceTree = "<group>"; };
		4F4DF57F2212BF8900A5E153 /* MAPAddDynamicStateJSONModel.h */ = {isa = PBXFileReference; lastKnownFileType = sourcecode.c.h; path = MAPAddDynamicStateJSONModel.h; sourceTree = "<group>"; };
		4F4DF5802212BF8900A5E153 /* MAPAddDynamicStateJSONModel.m */ = {isa = PBXFileReference; lastKnownFileType = sourcecode.c.objc; path = MAPAddDynamicStateJSONModel.m; sourceTree = "<group>"; };
		4F8B6B8D221D219100A6E21A /* MAPRecommendViewController.h */ = {isa = PBXFileReference; lastKnownFileType = sourcecode.c.h; path = MAPRecommendViewController.h; sourceTree = "<group>"; };
		4F8B6B8E221D219100A6E21A /* MAPRecommendViewController.m */ = {isa = PBXFileReference; lastKnownFileType = sourcecode.c.objc; path = MAPRecommendViewController.m; sourceTree = "<group>"; };
		4F8B6B91221D21CC00A6E21A /* MAPRecommendView.h */ = {isa = PBXFileReference; lastKnownFileType = sourcecode.c.h; path = MAPRecommendView.h; sourceTree = "<group>"; };
		4F8B6B92221D21CC00A6E21A /* MAPRecommendView.m */ = {isa = PBXFileReference; lastKnownFileType = sourcecode.c.objc; path = MAPRecommendView.m; sourceTree = "<group>"; };
		4F97E14222202D950084F476 /* MAPLineView.h */ = {isa = PBXFileReference; lastKnownFileType = sourcecode.c.h; path = MAPLineView.h; sourceTree = "<group>"; };
		4F97E14322202D950084F476 /* MAPLineView.m */ = {isa = PBXFileReference; lastKnownFileType = sourcecode.c.objc; path = MAPLineView.m; sourceTree = "<group>"; };
		4FDD956E2211CFE30047A9BC /* MAPMotiveReplyView.h */ = {isa = PBXFileReference; lastKnownFileType = sourcecode.c.h; path = MAPMotiveReplyView.h; sourceTree = "<group>"; };
		4FDD956F2211CFE30047A9BC /* MAPMotiveReplyView.m */ = {isa = PBXFileReference; lastKnownFileType = sourcecode.c.objc; path = MAPMotiveReplyView.m; sourceTree = "<group>"; };
		7547F341E163CF40B251C20D /* Pods-Map.release.xcconfig */ = {isa = PBXFileReference; includeInIndex = 1; lastKnownFileType = text.xcconfig; name = "Pods-Map.release.xcconfig"; path = "Pods/Target Support Files/Pods-Map/Pods-Map.release.xcconfig"; sourceTree = "<group>"; };
		D61D0F77221D423D0098483A /* MAPLoginManager.h */ = {isa = PBXFileReference; lastKnownFileType = sourcecode.c.h; path = MAPLoginManager.h; sourceTree = "<group>"; };
		D61D0F78221D423D0098483A /* MAPLoginManager.m */ = {isa = PBXFileReference; lastKnownFileType = sourcecode.c.objc; path = MAPLoginManager.m; sourceTree = "<group>"; };
		D61D0F7E221D44BA0098483A /* MAPGetUserMessageModel.h */ = {isa = PBXFileReference; lastKnownFileType = sourcecode.c.h; path = MAPGetUserMessageModel.h; sourceTree = "<group>"; };
		D61D0F7F221D44BA0098483A /* MAPGetUserMessageModel.m */ = {isa = PBXFileReference; lastKnownFileType = sourcecode.c.objc; path = MAPGetUserMessageModel.m; sourceTree = "<group>"; };
		D620E5302221AC9400CEF270 /* Info.plist */ = {isa = PBXFileReference; fileEncoding = 4; lastKnownFileType = text.plist.xml; name = Info.plist; path = Map/Info.plist; sourceTree = SOURCE_ROOT; };
		D622B1B82201DB4C004F3C6A /* MAPAlertView.h */ = {isa = PBXFileReference; lastKnownFileType = sourcecode.c.h; path = MAPAlertView.h; sourceTree = "<group>"; };
		D622B1B92201DB4C004F3C6A /* MAPAlertView.m */ = {isa = PBXFileReference; lastKnownFileType = sourcecode.c.objc; path = MAPAlertView.m; sourceTree = "<group>"; };
		D638A74D21F1DAF3005DFDFD /* add.png */ = {isa = PBXFileReference; lastKnownFileType = image.png; path = add.png; sourceTree = "<group>"; };
		D638A74E21F1DAF3005DFDFD /* back.png */ = {isa = PBXFileReference; lastKnownFileType = image.png; path = back.png; sourceTree = "<group>"; };
		D638A74F21F1DAF3005DFDFD /* cancel.png */ = {isa = PBXFileReference; lastKnownFileType = image.png; path = cancel.png; sourceTree = "<group>"; };
		D638A75021F1DAF3005DFDFD /* comment.png */ = {isa = PBXFileReference; lastKnownFileType = image.png; path = comment.png; sourceTree = "<group>"; };
		D638A75121F1DAF3005DFDFD /* compass.png */ = {isa = PBXFileReference; lastKnownFileType = image.png; path = compass.png; sourceTree = "<group>"; };
		D638A75221F1DAF3005DFDFD /* comt.png */ = {isa = PBXFileReference; lastKnownFileType = image.png; path = comt.png; sourceTree = "<group>"; };
		D638A75321F1DAF3005DFDFD /* image.png */ = {isa = PBXFileReference; lastKnownFileType = image.png; path = image.png; sourceTree = "<group>"; };
		D638A75421F1DAF3005DFDFD /* info.png */ = {isa = PBXFileReference; lastKnownFileType = image.png; path = info.png; sourceTree = "<group>"; };
		D638A75521F1DAF3005DFDFD /* like.png */ = {isa = PBXFileReference; lastKnownFileType = image.png; path = like.png; sourceTree = "<group>"; };
		D638A75621F1DAF3005DFDFD /* link.png */ = {isa = PBXFileReference; lastKnownFileType = image.png; path = link.png; sourceTree = "<group>"; };
		D638A75721F1DAF3005DFDFD /* local.png */ = {isa = PBXFileReference; lastKnownFileType = image.png; path = local.png; sourceTree = "<group>"; };
		D638A75821F1DAF3005DFDFD /* menu.png */ = {isa = PBXFileReference; lastKnownFileType = image.png; path = menu.png; sourceTree = "<group>"; };
		D638A75921F1DAF3005DFDFD /* priv.png */ = {isa = PBXFileReference; lastKnownFileType = image.png; path = priv.png; sourceTree = "<group>"; };
		D638A75A21F1DAF3005DFDFD /* QQ.png */ = {isa = PBXFileReference; lastKnownFileType = image.png; path = QQ.png; sourceTree = "<group>"; };
		D638A75B21F1DAF3005DFDFD /* sound.png */ = {isa = PBXFileReference; lastKnownFileType = image.png; path = sound.png; sourceTree = "<group>"; };
		D638A75C21F1DAF3005DFDFD /* souRed.png */ = {isa = PBXFileReference; lastKnownFileType = image.png; path = souRed.png; sourceTree = "<group>"; };
		D638A75D21F1DAF3005DFDFD /* start.png */ = {isa = PBXFileReference; lastKnownFileType = image.png; path = start.png; sourceTree = "<group>"; };
		D638A75E21F1DAF3005DFDFD /* video.png */ = {isa = PBXFileReference; lastKnownFileType = image.png; path = video.png; sourceTree = "<group>"; };
		D638A75F21F1DAF3005DFDFD /* voice.png */ = {isa = PBXFileReference; lastKnownFileType = image.png; path = voice.png; sourceTree = "<group>"; };
		D638A76021F1DAF3005DFDFD /* weChat.png */ = {isa = PBXFileReference; lastKnownFileType = image.png; path = weChat.png; sourceTree = "<group>"; };
		D638A76121F1DAF3005DFDFD /* weibo.png */ = {isa = PBXFileReference; lastKnownFileType = image.png; path = weibo.png; sourceTree = "<group>"; };
		D638A76221F1DAF3005DFDFD /* 头像.JPG */ = {isa = PBXFileReference; lastKnownFileType = image.jpeg; path = "头像.JPG"; sourceTree = "<group>"; };
		D638A76321F1DAF3005DFDFD /* 定位.png */ = {isa = PBXFileReference; lastKnownFileType = image.png; path = "定位.png"; sourceTree = "<group>"; };
		D64FBBBA21EC886B00CB3BFC /* MAPHomePageViewController.h */ = {isa = PBXFileReference; fileEncoding = 4; lastKnownFileType = sourcecode.c.h; path = MAPHomePageViewController.h; sourceTree = "<group>"; };
		D64FBBBB21EC886B00CB3BFC /* MAPHomePageViewController.m */ = {isa = PBXFileReference; fileEncoding = 4; lastKnownFileType = sourcecode.c.objc; path = MAPHomePageViewController.m; sourceTree = "<group>"; };
		D64FBBBD21EC886B00CB3BFC /* MAPHomePageView.h */ = {isa = PBXFileReference; fileEncoding = 4; lastKnownFileType = sourcecode.c.h; path = MAPHomePageView.h; sourceTree = "<group>"; };
		D64FBBBE21EC886B00CB3BFC /* MAPHomePageView.m */ = {isa = PBXFileReference; fileEncoding = 4; lastKnownFileType = sourcecode.c.objc; path = MAPHomePageView.m; sourceTree = "<group>"; };
		D660A4B32225506F00E30917 /* MAPGetPointManager.h */ = {isa = PBXFileReference; lastKnownFileType = sourcecode.c.h; path = MAPGetPointManager.h; sourceTree = "<group>"; };
		D660A4B42225506F00E30917 /* MAPGetPointManager.m */ = {isa = PBXFileReference; lastKnownFileType = sourcecode.c.objc; path = MAPGetPointManager.m; sourceTree = "<group>"; };
		D660A4B62225519800E30917 /* MAPGetPointModel.h */ = {isa = PBXFileReference; lastKnownFileType = sourcecode.c.h; path = MAPGetPointModel.h; sourceTree = "<group>"; };
		D660A4B72225519800E30917 /* MAPGetPointModel.m */ = {isa = PBXFileReference; lastKnownFileType = sourcecode.c.objc; path = MAPGetPointModel.m; sourceTree = "<group>"; };
		D66CCE0A21E4B45A009ADD17 /* Map.app */ = {isa = PBXFileReference; explicitFileType = wrapper.application; includeInIndex = 0; path = Map.app; sourceTree = BUILT_PRODUCTS_DIR; };
		D66CCE0D21E4B45A009ADD17 /* AppDelegate.h */ = {isa = PBXFileReference; lastKnownFileType = sourcecode.c.h; path = AppDelegate.h; sourceTree = "<group>"; };
		D66CCE0E21E4B45A009ADD17 /* AppDelegate.m */ = {isa = PBXFileReference; lastKnownFileType = sourcecode.c.objc; path = AppDelegate.m; sourceTree = "<group>"; };
		D66CCE1421E4B45A009ADD17 /* Base */ = {isa = PBXFileReference; lastKnownFileType = file.storyboard; name = Base; path = Base.lproj/Main.storyboard; sourceTree = "<group>"; };
		D66CCE1621E4B45B009ADD17 /* Assets.xcassets */ = {isa = PBXFileReference; lastKnownFileType = folder.assetcatalog; path = Assets.xcassets; sourceTree = "<group>"; };
		D66CCE1921E4B45B009ADD17 /* Base */ = {isa = PBXFileReference; lastKnownFileType = file.storyboard; name = Base; path = Base.lproj/LaunchScreen.storyboard; sourceTree = "<group>"; };
		D66CCE1B21E4B45B009ADD17 /* Info.plist */ = {isa = PBXFileReference; lastKnownFileType = text.plist.xml; path = Info.plist; sourceTree = "<group>"; };
		D66CCE1C21E4B45B009ADD17 /* main.m */ = {isa = PBXFileReference; lastKnownFileType = sourcecode.c.objc; path = main.m; sourceTree = "<group>"; };
		D68297602223D87F00D3F4A8 /* MAPAddPointManager.h */ = {isa = PBXFileReference; lastKnownFileType = sourcecode.c.h; path = MAPAddPointManager.h; sourceTree = "<group>"; };
		D68297612223D87F00D3F4A8 /* MAPAddPointManager.m */ = {isa = PBXFileReference; lastKnownFileType = sourcecode.c.objc; path = MAPAddPointManager.m; sourceTree = "<group>"; };
		D68297642223DA2A00D3F4A8 /* MAPAddPointModel.h */ = {isa = PBXFileReference; lastKnownFileType = sourcecode.c.h; path = MAPAddPointModel.h; sourceTree = "<group>"; };
		D68297652223DA2A00D3F4A8 /* MAPAddPointModel.m */ = {isa = PBXFileReference; lastKnownFileType = sourcecode.c.objc; path = MAPAddPointModel.m; sourceTree = "<group>"; };
		D6DAE37E22145832009B1406 /* MAPCommentModel.h */ = {isa = PBXFileReference; lastKnownFileType = sourcecode.c.h; path = MAPCommentModel.h; sourceTree = "<group>"; };
		D6DAE37F22145832009B1406 /* MAPCommentModel.m */ = {isa = PBXFileReference; lastKnownFileType = sourcecode.c.objc; path = MAPCommentModel.m; sourceTree = "<group>"; };
/* End PBXFileReference section */

/* Begin PBXFrameworksBuildPhase section */
		D66CCE0721E4B45A009ADD17 /* Frameworks */ = {
			isa = PBXFrameworksBuildPhase;
			buildActionMask = 2147483647;
			files = (
				3D0D89642A677A7944FEBA0A /* libPods-Map.a in Frameworks */,
			);
			runOnlyForDeploymentPostprocessing = 0;
		};
/* End PBXFrameworksBuildPhase section */

/* Begin PBXGroup section */
		2F20D26CC71979885D5DC72F /* Frameworks */ = {
			isa = PBXGroup;
			children = (
				4E3475517200628FE2AB9731 /* libPods-Map.a */,
			);
			name = Frameworks;
			sourceTree = "<group>";
		};
		4F04453421FCB12600C4F71E /* DynamicStateView */ = {
			isa = PBXGroup;
			children = (
				4F1013B621F6EF3A00C549A3 /* MAPDynamicStateView.h */,
				4F1013B721F6EF3A00C549A3 /* MAPDynamicStateView.m */,
				4F04454021FCBA9200C4F71E /* MAPDynamicStateTableViewCell.h */,
				4F04454121FCBA9200C4F71E /* MAPDynamicStateTableViewCell.m */,
			);
			path = DynamicStateView;
			sourceTree = "<group>";
		};
		4F04453521FCB14A00C4F71E /* ShowDynamicStateView */ = {
			isa = PBXGroup;
			children = (
				4FDD956D2211CFB30047A9BC /* ReplyView */,
				4F04453D21FCB34300C4F71E /* PicturesView */,
				4F04453E21FCB35400C4F71E /* AudioButtonView */,
				4F04453F21FCB35F00C4F71E /* VedioButtonView */,
			);
			path = ShowDynamicStateView;
			sourceTree = "<group>";
		};
		4F04453D21FCB34300C4F71E /* PicturesView */ = {
			isa = PBXGroup;
			children = (
				4F2C5E6D21F9A44F00DCF62A /* MAPMotivePicturesView.h */,
				4F2C5E6E21F9A44F00DCF62A /* MAPMotivePicturesView.m */,
				4F2C5E6A21F9A17E00DCF62A /* MAPMotivePicturesCollectionViewCell.h */,
				4F2C5E6B21F9A17E00DCF62A /* MAPMotivePicturesCollectionViewCell.m */,
			);
			path = PicturesView;
			sourceTree = "<group>";
		};
		4F04453E21FCB35400C4F71E /* AudioButtonView */ = {
			isa = PBXGroup;
			children = (
				4F04453A21FCB33500C4F71E /* MAPMotiveAudioButton.h */,
				4F04453B21FCB33500C4F71E /* MAPMotiveAudioButton.m */,
			);
			path = AudioButtonView;
			sourceTree = "<group>";
		};
		4F04453F21FCB35F00C4F71E /* VedioButtonView */ = {
			isa = PBXGroup;
			children = (
				4F0FF7C821FD8AA3005A3E64 /* MAPMotiveVideoButton.h */,
				4F0FF7C921FD8AA3005A3E64 /* MAPMotiveVideoButton.m */,
				4F0DD90422018F08006BD23F /* MAPMotiveVideoButtonView.h */,
				4F0DD90522018F08006BD23F /* MAPMotiveVideoButtonView.m */,
			);
			path = VedioButtonView;
			sourceTree = "<group>";
		};
		4F07E548222E8AC800F00EDD /* MAPAddDynamicState */ = {
			isa = PBXGroup;
			children = (
				4F2C2C1B2202DF9E00CA0ECB /* MAPAddDynamicStateViewController.h */,
				4F2C2C1C2202DF9E00CA0ECB /* MAPAddDynamicStateViewController.m */,
			);
			path = MAPAddDynamicState;
			sourceTree = "<group>";
		};
		4F07E549222E8ADA00F00EDD /* MAPPhotoKit */ = {
			isa = PBXGroup;
			children = (
				4F07E54D222E9F8800F00EDD /* PhotoKit */,
				4F07E54E222EB16C00F00EDD /* SelectPhotoes */,
				4F0A5CF52233F47D00C010C4 /* ScrollerViewShowPhoto */,
			);
			path = MAPPhotoKit;
			sourceTree = "<group>";
		};
		4F07E54D222E9F8800F00EDD /* PhotoKit */ = {
			isa = PBXGroup;
			children = (
				4F07E54A222E8B0600F00EDD /* MAPPhotoKitViewController.h */,
				4F07E54B222E8B0600F00EDD /* MAPPhotoKitViewController.m */,
			);
			path = PhotoKit;
			sourceTree = "<group>";
		};
		4F07E54E222EB16C00F00EDD /* SelectPhotoes */ = {
			isa = PBXGroup;
			children = (
				4F07E550222EB1A800F00EDD /* MAPPhotoSelectViewController.h */,
				4F07E551222EB1A800F00EDD /* MAPPhotoSelectViewController.m */,
				4F0EEE4E222FF3770020F5FF /* MAPPhotoSelectCollectionViewCell.h */,
				4F0EEE4F222FF3770020F5FF /* MAPPhotoSelectCollectionViewCell.m */,
			);
			path = SelectPhotoes;
			sourceTree = "<group>";
		};
		4F08DD7B220C2CDC00BCF161 /* AddVedioView */ = {
			isa = PBXGroup;
			children = (
				4F08DD7C220C2D1B00BCF161 /* MAPAddVedioView.h */,
				4F08DD7D220C2D1B00BCF161 /* MAPAddVedioView.m */,
			);
			path = AddVedioView;
			sourceTree = "<group>";
		};
		4F0A15CA22069F9A007F1D0D /* AddPicturesView */ = {
			isa = PBXGroup;
			children = (
				4F0A15CB22069FD9007F1D0D /* MAPAddPicturesView.h */,
				4F0A15CC22069FD9007F1D0D /* MAPAddPicturesView.m */,
				4F0C47D72231581D00EC78D8 /* MAPAddPicturesCollectionViewCell.h */,
				4F0C47D82231581D00EC78D8 /* MAPAddPicturesCollectionViewCell.m */,
			);
			path = AddPicturesView;
			sourceTree = "<group>";
		};
		4F0A5CF52233F47D00C010C4 /* ScrollerViewShowPhoto */ = {
			isa = PBXGroup;
			children = (
				4F0A5CF62233F4BC00C010C4 /* MAPScrollerViewShowPhotoViewController.h */,
				4F0A5CF72233F4BC00C010C4 /* MAPScrollerViewShowPhotoViewController.m */,
				4F0BDFD822369AB4002AA1FF /* MAPShowPhotoCollectionViewCell.h */,
				4F0BDFD922369AB4002AA1FF /* MAPShowPhotoCollectionViewCell.m */,
			);
			path = ScrollerViewShowPhoto;
			sourceTree = "<group>";
		};
		4F1013AF21F6EE4600C549A3 /* MAPDynamicState */ = {
			isa = PBXGroup;
			children = (
				D6DAE37D221457DB009B1406 /* Model */,
				4F1013B021F6EEC300C549A3 /* Controllers */,
				4F1013B121F6EEEB00C549A3 /* Views */,
			);
			path = MAPDynamicState;
			sourceTree = "<group>";
		};
		4F1013B021F6EEC300C549A3 /* Controllers */ = {
			isa = PBXGroup;
			children = (
				4F1013B321F6EF1E00C549A3 /* MAPDynamicStateViewController.h */,
				4F1013B421F6EF1E00C549A3 /* MAPDynamicStateViewController.m */,
			);
			path = Controllers;
			sourceTree = "<group>";
		};
		4F1013B121F6EEEB00C549A3 /* Views */ = {
			isa = PBXGroup;
			children = (
				4F04453421FCB12600C4F71E /* DynamicStateView */,
				4F04453521FCB14A00C4F71E /* ShowDynamicStateView */,
			);
			path = Views;
			sourceTree = "<group>";
		};
		4F10662221F336ED0035E47A /* HomePageView */ = {
			isa = PBXGroup;
			children = (
				D64FBBBD21EC886B00CB3BFC /* MAPHomePageView.h */,
				D64FBBBE21EC886B00CB3BFC /* MAPHomePageView.m */,
				D622B1B82201DB4C004F3C6A /* MAPAlertView.h */,
				D622B1B92201DB4C004F3C6A /* MAPAlertView.m */,
			);
			path = HomePageView;
			sourceTree = "<group>";
		};
		4F10662321F336FD0035E47A /* AnnotationView */ = {
			isa = PBXGroup;
			children = (
				4F10661F21F335A10035E47A /* MAPAnnotationView.h */,
				4F10662021F335A10035E47A /* MAPAnnotationView.m */,
				4F10661621F327970035E47A /* MAPPaopaoView.h */,
				4F10661721F327970035E47A /* MAPPaopaoView.m */,
				4F10661921F328A10035E47A /* MAPPaopaoButton.h */,
				4F10661A21F328A10035E47A /* MAPPaopaoButton.m */,
			);
			path = AnnotationView;
			sourceTree = "<group>";
		};
		4F1420482204341900A6E769 /* AddDynamicStateView */ = {
			isa = PBXGroup;
			children = (
				4F1420492204344D00A6E769 /* MAPAddDynamicStateView.h */,
				4F14204A2204344D00A6E769 /* MAPAddDynamicStateView.m */,
			);
			path = AddDynamicStateView;
			sourceTree = "<group>";
		};
		4F15287922059350005164BF /* TypesAddDyanmicStateView */ = {
			isa = PBXGroup;
			children = (
				4F15287B220593B3005164BF /* AddCommentView */,
				4F0A15CA22069F9A007F1D0D /* AddPicturesView */,
				4F08DD7B220C2CDC00BCF161 /* AddVedioView */,
			);
			path = TypesAddDyanmicStateView;
			sourceTree = "<group>";
		};
		4F15287B220593B3005164BF /* AddCommentView */ = {
			isa = PBXGroup;
			children = (
				4F07AE5E22282506002071BB /* MAPAddCommentsView.h */,
				4F07AE5F22282506002071BB /* MAPAddCommentsView.m */,
			);
			path = AddCommentView;
			sourceTree = "<group>";
		};
		4F2C2C182202DF4500CA0ECB /* MAPAddDynamicState */ = {
			isa = PBXGroup;
			children = (
				4F2C2C192202DF6600CA0ECB /* Controllers */,
				4F2C2C1A2202DF6D00CA0ECB /* Views */,
				4F4DF57E2212BF4900A5E153 /* Models */,
			);
			path = MAPAddDynamicState;
			sourceTree = "<group>";
		};
		4F2C2C192202DF6600CA0ECB /* Controllers */ = {
			isa = PBXGroup;
			children = (
				4F07E548222E8AC800F00EDD /* MAPAddDynamicState */,
				4F07E549222E8ADA00F00EDD /* MAPPhotoKit */,
			);
			path = Controllers;
			sourceTree = "<group>";
		};
		4F2C2C1A2202DF6D00CA0ECB /* Views */ = {
			isa = PBXGroup;
			children = (
				4F2C2C242202E22900CA0ECB /* IssueView */,
				4F1420482204341900A6E769 /* AddDynamicStateView */,
				4F15287922059350005164BF /* TypesAddDyanmicStateView */,
			);
			path = Views;
			sourceTree = "<group>";
		};
		4F2C2C242202E22900CA0ECB /* IssueView */ = {
			isa = PBXGroup;
			children = (
				4F2C2C1E2202DFFB00CA0ECB /* MAPIssueView.h */,
				4F2C2C1F2202DFFB00CA0ECB /* MAPIssueView.m */,
				4F2C2C212202E05100CA0ECB /* MAPIssueButton.h */,
				4F2C2C222202E05100CA0ECB /* MAPIssueButton.m */,
			);
			path = IssueView;
			sourceTree = "<group>";
		};
		4F4DF57D2212BE0C00A5E153 /* Managers */ = {
			isa = PBXGroup;
			children = (
				D61D0F77221D423D0098483A /* MAPLoginManager.h */,
				D61D0F78221D423D0098483A /* MAPLoginManager.m */,
				D68297602223D87F00D3F4A8 /* MAPAddPointManager.h */,
				D68297612223D87F00D3F4A8 /* MAPAddPointManager.m */,
				D660A4B32225506F00E30917 /* MAPGetPointManager.h */,
				D660A4B42225506F00E30917 /* MAPGetPointManager.m */,
			);
			path = Managers;
			sourceTree = "<group>";
		};
		4F4DF57E2212BF4900A5E153 /* Models */ = {
			isa = PBXGroup;
			children = (
				4F4DF57F2212BF8900A5E153 /* MAPAddDynamicStateJSONModel.h */,
				4F4DF5802212BF8900A5E153 /* MAPAddDynamicStateJSONModel.m */,
			);
			path = Models;
			sourceTree = "<group>";
		};
		4F8B6B8A221D211700A6E21A /* MAPRecommend */ = {
			isa = PBXGroup;
			children = (
				4F8B6B8C221D216600A6E21A /* Controllers */,
				4F8B6B8B221D215B00A6E21A /* Views */,
			);
			path = MAPRecommend;
			sourceTree = "<group>";
		};
		4F8B6B8B221D215B00A6E21A /* Views */ = {
			isa = PBXGroup;
			children = (
				4F8B6B90221D21AD00A6E21A /* RecommendView */,
				4F97E14122202D6E0084F476 /* LineView */,
			);
			path = Views;
			sourceTree = "<group>";
		};
		4F8B6B8C221D216600A6E21A /* Controllers */ = {
			isa = PBXGroup;
			children = (
				4F8B6B8D221D219100A6E21A /* MAPRecommendViewController.h */,
				4F8B6B8E221D219100A6E21A /* MAPRecommendViewController.m */,
			);
			path = Controllers;
			sourceTree = "<group>";
		};
		4F8B6B90221D21AD00A6E21A /* RecommendView */ = {
			isa = PBXGroup;
			children = (
				4F8B6B91221D21CC00A6E21A /* MAPRecommendView.h */,
				4F8B6B92221D21CC00A6E21A /* MAPRecommendView.m */,
			);
			path = RecommendView;
			sourceTree = "<group>";
		};
		4F97E14122202D6E0084F476 /* LineView */ = {
			isa = PBXGroup;
			children = (
				4F97E14222202D950084F476 /* MAPLineView.h */,
				4F97E14322202D950084F476 /* MAPLineView.m */,
			);
			path = LineView;
			sourceTree = "<group>";
		};
		4FDD956D2211CFB30047A9BC /* ReplyView */ = {
			isa = PBXGroup;
			children = (
				4FDD956E2211CFE30047A9BC /* MAPMotiveReplyView.h */,
				4FDD956F2211CFE30047A9BC /* MAPMotiveReplyView.m */,
			);
			path = ReplyView;
			sourceTree = "<group>";
		};
		63490C92BDFBDE4C7ED363E4 /* Pods */ = {
			isa = PBXGroup;
			children = (
				2A0080EBCDB4CF65767B3A9B /* Pods-Map.debug.xcconfig */,
				7547F341E163CF40B251C20D /* Pods-Map.release.xcconfig */,
			);
			name = Pods;
			sourceTree = "<group>";
		};
		D61D0F7A221D43840098483A /* MAPLogin */ = {
			isa = PBXGroup;
			children = (
				D61D0F7D221D43B00098483A /* Model */,
			);
			path = MAPLogin;
			sourceTree = "<group>";
		};
		D61D0F7D221D43B00098483A /* Model */ = {
			isa = PBXGroup;
			children = (
				D61D0F7E221D44BA0098483A /* MAPGetUserMessageModel.h */,
				D61D0F7F221D44BA0098483A /* MAPGetUserMessageModel.m */,
			);
			path = Model;
			sourceTree = "<group>";
		};
		D61F8A7C21ECB2A600106FBC /* SupportingFiles */ = {
			isa = PBXGroup;
			children = (
				D66CCE0D21E4B45A009ADD17 /* AppDelegate.h */,
				D66CCE0E21E4B45A009ADD17 /* AppDelegate.m */,
				D66CCE1321E4B45A009ADD17 /* Main.storyboard */,
				D66CCE1621E4B45B009ADD17 /* Assets.xcassets */,
				D66CCE1821E4B45B009ADD17 /* LaunchScreen.storyboard */,
				D66CCE1C21E4B45B009ADD17 /* main.m */,
			);
			path = SupportingFiles;
			sourceTree = "<group>";
		};
		D638A74C21F1DAF3005DFDFD /* Images */ = {
			isa = PBXGroup;
			children = (
				4F0BDFD622368621002AA1FF /* photoBack.png */,
				4F071BBA2232A8FC0093E57E /* ico_check_select.png */,
				4F071BBC2232A9C00093E57E /* noimage.png */,
				4F071BB82232A8F00093E57E /* ico_check_nomal.png */,
				4F2BBC0F222C15B800306ECE /* xukuang.png */,
				4F0C2A5F220D932400102404 /* shanchu.png */,
				4F0FF7D021FDA1E5005A3E64 /* bofang.png */,
				4F0FF7CE21FDA1DD005A3E64 /* ai06.png */,
				D638A74D21F1DAF3005DFDFD /* add.png */,
				D638A74E21F1DAF3005DFDFD /* back.png */,
				D638A74F21F1DAF3005DFDFD /* cancel.png */,
				D638A75021F1DAF3005DFDFD /* comment.png */,
				D638A75121F1DAF3005DFDFD /* compass.png */,
				D638A75221F1DAF3005DFDFD /* comt.png */,
				D638A75321F1DAF3005DFDFD /* image.png */,
				D638A75421F1DAF3005DFDFD /* info.png */,
				D638A75521F1DAF3005DFDFD /* like.png */,
				D638A75621F1DAF3005DFDFD /* link.png */,
				D638A75721F1DAF3005DFDFD /* local.png */,
				D638A75821F1DAF3005DFDFD /* menu.png */,
				D638A75921F1DAF3005DFDFD /* priv.png */,
				D638A75A21F1DAF3005DFDFD /* QQ.png */,
				D638A75B21F1DAF3005DFDFD /* sound.png */,
				D638A75C21F1DAF3005DFDFD /* souRed.png */,
				D638A75D21F1DAF3005DFDFD /* start.png */,
				D638A75E21F1DAF3005DFDFD /* video.png */,
				D638A75F21F1DAF3005DFDFD /* voice.png */,
				D638A76021F1DAF3005DFDFD /* weChat.png */,
				D638A76121F1DAF3005DFDFD /* weibo.png */,
				D638A76221F1DAF3005DFDFD /* 头像.JPG */,
				D638A76321F1DAF3005DFDFD /* 定位.png */,
			);
			path = Images;
			sourceTree = SOURCE_ROOT;
		};
		D64FBBB821EC886B00CB3BFC /* MAPHomePage */ = {
			isa = PBXGroup;
			children = (
				D68297632223D92200D3F4A8 /* Model */,
				D64FBBBC21EC886B00CB3BFC /* Views */,
				D64FBBB921EC886B00CB3BFC /* Controllers */,
			);
			path = MAPHomePage;
			sourceTree = "<group>";
		};
		D64FBBB921EC886B00CB3BFC /* Controllers */ = {
			isa = PBXGroup;
			children = (
				D64FBBBA21EC886B00CB3BFC /* MAPHomePageViewController.h */,
				D64FBBBB21EC886B00CB3BFC /* MAPHomePageViewController.m */,
			);
			path = Controllers;
			sourceTree = "<group>";
		};
		D64FBBBC21EC886B00CB3BFC /* Views */ = {
			isa = PBXGroup;
			children = (
				4F10662221F336ED0035E47A /* HomePageView */,
				4F10662321F336FD0035E47A /* AnnotationView */,
			);
			path = Views;
			sourceTree = "<group>";
		};
		D65B13272212CC74006FB3BC /* Classes */ = {
			isa = PBXGroup;
			children = (
				D620E5302221AC9400CEF270 /* Info.plist */,
				D61D0F7A221D43840098483A /* MAPLogin */,
				D64FBBB821EC886B00CB3BFC /* MAPHomePage */,
				4F1013AF21F6EE4600C549A3 /* MAPDynamicState */,
				4F2C2C182202DF4500CA0ECB /* MAPAddDynamicState */,
				4F8B6B8A221D211700A6E21A /* MAPRecommend */,
				4F4DF57D2212BE0C00A5E153 /* Managers */,
			);
			path = Classes;
			sourceTree = "<group>";
		};
		D66CCE0121E4B45A009ADD17 = {
			isa = PBXGroup;
			children = (
				D66CCE0C21E4B45A009ADD17 /* Map */,
				D66CCE0B21E4B45A009ADD17 /* Products */,
				63490C92BDFBDE4C7ED363E4 /* Pods */,
				2F20D26CC71979885D5DC72F /* Frameworks */,
			);
			sourceTree = "<group>";
		};
		D66CCE0B21E4B45A009ADD17 /* Products */ = {
			isa = PBXGroup;
			children = (
				D66CCE0A21E4B45A009ADD17 /* Map.app */,
			);
			name = Products;
			sourceTree = "<group>";
		};
		D66CCE0C21E4B45A009ADD17 /* Map */ = {
			isa = PBXGroup;
			children = (
				4F2C5E7621F9AF0800DCF62A /* upPicture1.png */,
				4F2C5E7821F9AF0800DCF62A /* upPicture2.png */,
				4F2C5E7B21F9AF0800DCF62A /* upPicture3.png */,
				4F2C5E7021F9AF0700DCF62A /* upPicture4.png */,
				4F2C5E7121F9AF0700DCF62A /* upPicture5.png */,
				4F2C5E7921F9AF0800DCF62A /* upPicture6.png */,
				4F2C5E7A21F9AF0800DCF62A /* upPicture7.png */,
				4F2C5E7221F9AF0700DCF62A /* upPicture8.png */,
				4F2C5E7321F9AF0700DCF62A /* upPicture9.png */,
				4F2C5E7421F9AF0700DCF62A /* upPicture10.png */,
				4F2C5E7521F9AF0700DCF62A /* upPicture11.png */,
				4F2C5E7721F9AF0800DCF62A /* upPicture12.png */,
				D638A74C21F1DAF3005DFDFD /* Images */,
				D61F8A7C21ECB2A600106FBC /* SupportingFiles */,
				D65B13272212CC74006FB3BC /* Classes */,
				D66CCE1B21E4B45B009ADD17 /* Info.plist */,
			);
			path = Map;
			sourceTree = "<group>";
		};
		D68297632223D92200D3F4A8 /* Model */ = {
			isa = PBXGroup;
			children = (
				D68297642223DA2A00D3F4A8 /* MAPAddPointModel.h */,
				D68297652223DA2A00D3F4A8 /* MAPAddPointModel.m */,
				D660A4B62225519800E30917 /* MAPGetPointModel.h */,
				D660A4B72225519800E30917 /* MAPGetPointModel.m */,
			);
			path = Model;
			sourceTree = "<group>";
		};
		D6DAE37D221457DB009B1406 /* Model */ = {
			isa = PBXGroup;
			children = (
				D6DAE37E22145832009B1406 /* MAPCommentModel.h */,
				D6DAE37F22145832009B1406 /* MAPCommentModel.m */,
			);
			path = Model;
			sourceTree = "<group>";
		};
/* End PBXGroup section */

/* Begin PBXNativeTarget section */
		D66CCE0921E4B45A009ADD17 /* Map */ = {
			isa = PBXNativeTarget;
			buildConfigurationList = D66CCE2021E4B45B009ADD17 /* Build configuration list for PBXNativeTarget "Map" */;
			buildPhases = (
				C8721AC0EC00BE4C0AF0445A /* [CP] Check Pods Manifest.lock */,
				D66CCE0621E4B45A009ADD17 /* Sources */,
				D66CCE0721E4B45A009ADD17 /* Frameworks */,
				D66CCE0821E4B45A009ADD17 /* Resources */,
				72E56D64259B926FB2B6B22C /* [CP] Copy Pods Resources */,
			);
			buildRules = (
			);
			dependencies = (
			);
			name = Map;
			productName = Map;
			productReference = D66CCE0A21E4B45A009ADD17 /* Map.app */;
			productType = "com.apple.product-type.application";
		};
/* End PBXNativeTarget section */

/* Begin PBXProject section */
		D66CCE0221E4B45A009ADD17 /* Project object */ = {
			isa = PBXProject;
			attributes = {
				LastUpgradeCheck = 0930;
				ORGANIZATIONNAME = "小哲的DELL";
				TargetAttributes = {
					D66CCE0921E4B45A009ADD17 = {
						CreatedOnToolsVersion = 9.3.1;
					};
				};
			};
			buildConfigurationList = D66CCE0521E4B45A009ADD17 /* Build configuration list for PBXProject "Map" */;
			compatibilityVersion = "Xcode 9.3";
			developmentRegion = en;
			hasScannedForEncodings = 0;
			knownRegions = (
				en,
				Base,
			);
			mainGroup = D66CCE0121E4B45A009ADD17;
			productRefGroup = D66CCE0B21E4B45A009ADD17 /* Products */;
			projectDirPath = "";
			projectRoot = "";
			targets = (
				D66CCE0921E4B45A009ADD17 /* Map */,
			);
		};
/* End PBXProject section */

/* Begin PBXResourcesBuildPhase section */
		D66CCE0821E4B45A009ADD17 /* Resources */ = {
			isa = PBXResourcesBuildPhase;
			buildActionMask = 2147483647;
			files = (
				D638A77A21F1DAF3005DFDFD /* 定位.png in Resources */,
				D66CCE1A21E4B45B009ADD17 /* LaunchScreen.storyboard in Resources */,
				4F2C5E7E21F9AF0800DCF62A /* upPicture8.png in Resources */,
				D638A77221F1DAF3005DFDFD /* sound.png in Resources */,
				D638A77821F1DAF3005DFDFD /* weibo.png in Resources */,
				4F2C5E8121F9AF0800DCF62A /* upPicture11.png in Resources */,
				D638A77421F1DAF3005DFDFD /* start.png in Resources */,
				D638A76521F1DAF3005DFDFD /* back.png in Resources */,
				4F2C5E8021F9AF0800DCF62A /* upPicture10.png in Resources */,
				D638A76921F1DAF3005DFDFD /* comt.png in Resources */,
				4F0FF7D121FDA1E5005A3E64 /* bofang.png in Resources */,
				4F0C2A60220D932400102404 /* shanchu.png in Resources */,
				D638A76B21F1DAF3005DFDFD /* info.png in Resources */,
				4F2C5E8621F9AF0800DCF62A /* upPicture7.png in Resources */,
				4F071BBD2232A9C00093E57E /* noimage.png in Resources */,
				D66CCE1721E4B45B009ADD17 /* Assets.xcassets in Resources */,
				D638A76E21F1DAF3005DFDFD /* local.png in Resources */,
				4F071BB92232A8F00093E57E /* ico_check_nomal.png in Resources */,
				D638A77121F1DAF3005DFDFD /* QQ.png in Resources */,
				D638A77921F1DAF3005DFDFD /* 头像.JPG in Resources */,
				D638A76621F1DAF3005DFDFD /* cancel.png in Resources */,
				4F2C5E8521F9AF0800DCF62A /* upPicture6.png in Resources */,
				4F071BBB2232A8FD0093E57E /* ico_check_select.png in Resources */,
				D620E5312221AC9400CEF270 /* Info.plist in Resources */,
				D638A77621F1DAF3005DFDFD /* voice.png in Resources */,
				D638A76821F1DAF3005DFDFD /* compass.png in Resources */,
				D66CCE1521E4B45A009ADD17 /* Main.storyboard in Resources */,
				4F2C5E8721F9AF0800DCF62A /* upPicture3.png in Resources */,
				D638A76D21F1DAF3005DFDFD /* link.png in Resources */,
				D638A77721F1DAF3005DFDFD /* weChat.png in Resources */,
				D638A76C21F1DAF3005DFDFD /* like.png in Resources */,
				D638A77321F1DAF3005DFDFD /* souRed.png in Resources */,
				4F0FF7CF21FDA1DD005A3E64 /* ai06.png in Resources */,
				D638A76F21F1DAF3005DFDFD /* menu.png in Resources */,
				4F2C5E7C21F9AF0800DCF62A /* upPicture4.png in Resources */,
				4F2C5E8421F9AF0800DCF62A /* upPicture2.png in Resources */,
				D638A77021F1DAF3005DFDFD /* priv.png in Resources */,
				D638A76421F1DAF3005DFDFD /* add.png in Resources */,
				4F2C5E7F21F9AF0800DCF62A /* upPicture9.png in Resources */,
				D638A76721F1DAF3005DFDFD /* comment.png in Resources */,
				D638A77521F1DAF3005DFDFD /* video.png in Resources */,
				4F2C5E8321F9AF0800DCF62A /* upPicture12.png in Resources */,
				4F2BBC10222C15B800306ECE /* xukuang.png in Resources */,
				4F2C5E8221F9AF0800DCF62A /* upPicture1.png in Resources */,
				D638A76A21F1DAF3005DFDFD /* image.png in Resources */,
				4F0BDFD722368621002AA1FF /* photoBack.png in Resources */,
				4F2C5E7D21F9AF0800DCF62A /* upPicture5.png in Resources */,
			);
			runOnlyForDeploymentPostprocessing = 0;
		};
/* End PBXResourcesBuildPhase section */

/* Begin PBXShellScriptBuildPhase section */
		72E56D64259B926FB2B6B22C /* [CP] Copy Pods Resources */ = {
			isa = PBXShellScriptBuildPhase;
			buildActionMask = 2147483647;
			files = (
			);
			inputPaths = (
				"${SRCROOT}/Pods/Target Support Files/Pods-Map/Pods-Map-resources.sh",
				"${PODS_ROOT}/BaiduMapKit/BaiduMapKit/BaiduMapAPI_Map.framework/mapapi.bundle",
			);
			name = "[CP] Copy Pods Resources";
			outputPaths = (
				"${TARGET_BUILD_DIR}/${UNLOCALIZED_RESOURCES_FOLDER_PATH}/mapapi.bundle",
			);
			runOnlyForDeploymentPostprocessing = 0;
			shellPath = /bin/sh;
			shellScript = "\"${SRCROOT}/Pods/Target Support Files/Pods-Map/Pods-Map-resources.sh\"\n";
			showEnvVarsInLog = 0;
		};
		C8721AC0EC00BE4C0AF0445A /* [CP] Check Pods Manifest.lock */ = {
			isa = PBXShellScriptBuildPhase;
			buildActionMask = 2147483647;
			files = (
			);
			inputPaths = (
				"${PODS_PODFILE_DIR_PATH}/Podfile.lock",
				"${PODS_ROOT}/Manifest.lock",
			);
			name = "[CP] Check Pods Manifest.lock";
			outputPaths = (
				"$(DERIVED_FILE_DIR)/Pods-Map-checkManifestLockResult.txt",
			);
			runOnlyForDeploymentPostprocessing = 0;
			shellPath = /bin/sh;
			shellScript = "diff \"${PODS_PODFILE_DIR_PATH}/Podfile.lock\" \"${PODS_ROOT}/Manifest.lock\" > /dev/null\nif [ $? != 0 ] ; then\n    # print error to STDERR\n    echo \"error: The sandbox is not in sync with the Podfile.lock. Run 'pod install' or update your CocoaPods installation.\" >&2\n    exit 1\nfi\n# This output is used by Xcode 'outputs' to avoid re-running this script phase.\necho \"SUCCESS\" > \"${SCRIPT_OUTPUT_FILE_0}\"\n";
			showEnvVarsInLog = 0;
		};
/* End PBXShellScriptBuildPhase section */

/* Begin PBXSourcesBuildPhase section */
		D66CCE0621E4B45A009ADD17 /* Sources */ = {
			isa = PBXSourcesBuildPhase;
			buildActionMask = 2147483647;
			files = (
				4F04453C21FCB33500C4F71E /* MAPMotiveAudioButton.m in Sources */,
				4F10662121F335A10035E47A /* MAPAnnotationView.m in Sources */,
				4F0C47D92231581D00EC78D8 /* MAPAddPicturesCollectionViewCell.m in Sources */,
				D64FBBBF21EC886B00CB3BFC /* MAPHomePageViewController.m in Sources */,
				D68297662223DA2A00D3F4A8 /* MAPAddPointModel.m in Sources */,
				4F1013B821F6EF3A00C549A3 /* MAPDynamicStateView.m in Sources */,
				4F4DF5812212BF8900A5E153 /* MAPAddDynamicStateJSONModel.m in Sources */,
				4F0EEE50222FF3770020F5FF /* MAPPhotoSelectCollectionViewCell.m in Sources */,
				4F0A15CD22069FD9007F1D0D /* MAPAddPicturesView.m in Sources */,
				4F8B6B8F221D219100A6E21A /* MAPRecommendViewController.m in Sources */,
				4F2C2C232202E05100CA0ECB /* MAPIssueButton.m in Sources */,
				4F10661821F327970035E47A /* MAPPaopaoView.m in Sources */,
				4F97E14422202D950084F476 /* MAPLineView.m in Sources */,
				4F8B6B93221D21CC00A6E21A /* MAPRecommendView.m in Sources */,
				4F0DD90622018F08006BD23F /* MAPMotiveVideoButtonView.m in Sources */,
				4F07E54C222E8B0600F00EDD /* MAPPhotoKitViewController.m in Sources */,
				4FDD95702211CFE30047A9BC /* MAPMotiveReplyView.m in Sources */,
				4F2C5E6C21F9A17E00DCF62A /* MAPMotivePicturesCollectionViewCell.m in Sources */,
				4F10661B21F328A10035E47A /* MAPPaopaoButton.m in Sources */,
				D66CCE1D21E4B45B009ADD17 /* main.m in Sources */,
				D660A4B82225519800E30917 /* MAPGetPointModel.m in Sources */,
				4F04454221FCBA9200C4F71E /* MAPDynamicStateTableViewCell.m in Sources */,
				D622B1BA2201DB4C004F3C6A /* MAPAlertView.m in Sources */,
				4F1013B521F6EF1E00C549A3 /* MAPDynamicStateViewController.m in Sources */,
				D64FBBC021EC886B00CB3BFC /* MAPHomePageView.m in Sources */,
				4F0BDFDA22369AB4002AA1FF /* MAPShowPhotoCollectionViewCell.m in Sources */,
				4F2C5E6F21F9A44F00DCF62A /* MAPMotivePicturesView.m in Sources */,
				D660A4B52225506F00E30917 /* MAPGetPointManager.m in Sources */,
				D6DAE38022145832009B1406 /* MAPCommentModel.m in Sources */,
				4F0FF7CA21FD8AA3005A3E64 /* MAPMotiveVideoButton.m in Sources */,
				4F07AE6022282506002071BB /* MAPAddCommentsView.m in Sources */,
				4F2C2C1D2202DF9E00CA0ECB /* MAPAddDynamicStateViewController.m in Sources */,
				D66CCE0F21E4B45A009ADD17 /* AppDelegate.m in Sources */,
				4F2C2C202202DFFB00CA0ECB /* MAPIssueView.m in Sources */,
				D68297622223D87F00D3F4A8 /* MAPAddPointManager.m in Sources */,
				4F14204B2204344D00A6E769 /* MAPAddDynamicStateView.m in Sources */,
				D61D0F80221D44BA0098483A /* MAPGetUserMessageModel.m in Sources */,
				4F0A5CF82233F4BC00C010C4 /* MAPScrollerViewShowPhotoViewController.m in Sources */,
				D61D0F79221D423D0098483A /* MAPLoginManager.m in Sources */,
				4F07E552222EB1A800F00EDD /* MAPPhotoSelectViewController.m in Sources */,
				4F08DD7E220C2D1B00BCF161 /* MAPAddVedioView.m in Sources */,
			);
			runOnlyForDeploymentPostprocessing = 0;
		};
/* End PBXSourcesBuildPhase section */

/* Begin PBXVariantGroup section */
		D66CCE1321E4B45A009ADD17 /* Main.storyboard */ = {
			isa = PBXVariantGroup;
			children = (
				D66CCE1421E4B45A009ADD17 /* Base */,
			);
			name = Main.storyboard;
			sourceTree = "<group>";
		};
		D66CCE1821E4B45B009ADD17 /* LaunchScreen.storyboard */ = {
			isa = PBXVariantGroup;
			children = (
				D66CCE1921E4B45B009ADD17 /* Base */,
			);
			name = LaunchScreen.storyboard;
			sourceTree = "<group>";
		};
/* End PBXVariantGroup section */

/* Begin XCBuildConfiguration section */
		D66CCE1E21E4B45B009ADD17 /* Debug */ = {
			isa = XCBuildConfiguration;
			buildSettings = {
				ALWAYS_SEARCH_USER_PATHS = NO;
				CLANG_ANALYZER_NONNULL = YES;
				CLANG_ANALYZER_NUMBER_OBJECT_CONVERSION = YES_AGGRESSIVE;
				CLANG_CXX_LANGUAGE_STANDARD = "gnu++14";
				CLANG_CXX_LIBRARY = "libc++";
				CLANG_ENABLE_MODULES = YES;
				CLANG_ENABLE_OBJC_ARC = YES;
				CLANG_ENABLE_OBJC_WEAK = YES;
				CLANG_WARN_BLOCK_CAPTURE_AUTORELEASING = YES;
				CLANG_WARN_BOOL_CONVERSION = YES;
				CLANG_WARN_COMMA = YES;
				CLANG_WARN_CONSTANT_CONVERSION = YES;
				CLANG_WARN_DEPRECATED_OBJC_IMPLEMENTATIONS = YES;
				CLANG_WARN_DIRECT_OBJC_ISA_USAGE = YES_ERROR;
				CLANG_WARN_DOCUMENTATION_COMMENTS = YES;
				CLANG_WARN_EMPTY_BODY = YES;
				CLANG_WARN_ENUM_CONVERSION = YES;
				CLANG_WARN_INFINITE_RECURSION = YES;
				CLANG_WARN_INT_CONVERSION = YES;
				CLANG_WARN_NON_LITERAL_NULL_CONVERSION = YES;
				CLANG_WARN_OBJC_IMPLICIT_RETAIN_SELF = YES;
				CLANG_WARN_OBJC_LITERAL_CONVERSION = YES;
				CLANG_WARN_OBJC_ROOT_CLASS = YES_ERROR;
				CLANG_WARN_RANGE_LOOP_ANALYSIS = YES;
				CLANG_WARN_STRICT_PROTOTYPES = YES;
				CLANG_WARN_SUSPICIOUS_MOVE = YES;
				CLANG_WARN_UNGUARDED_AVAILABILITY = YES_AGGRESSIVE;
				CLANG_WARN_UNREACHABLE_CODE = YES;
				CLANG_WARN__DUPLICATE_METHOD_MATCH = YES;
				CODE_SIGN_IDENTITY = "iPhone Developer";
				COPY_PHASE_STRIP = NO;
				DEBUG_INFORMATION_FORMAT = dwarf;
				ENABLE_STRICT_OBJC_MSGSEND = YES;
				ENABLE_TESTABILITY = YES;
				GCC_C_LANGUAGE_STANDARD = gnu11;
				GCC_DYNAMIC_NO_PIC = NO;
				GCC_NO_COMMON_BLOCKS = YES;
				GCC_OPTIMIZATION_LEVEL = 0;
				GCC_PREPROCESSOR_DEFINITIONS = (
					"DEBUG=1",
					"$(inherited)",
				);
				GCC_WARN_64_TO_32_BIT_CONVERSION = YES;
				GCC_WARN_ABOUT_RETURN_TYPE = YES_ERROR;
				GCC_WARN_UNDECLARED_SELECTOR = YES;
				GCC_WARN_UNINITIALIZED_AUTOS = YES_AGGRESSIVE;
				GCC_WARN_UNUSED_FUNCTION = YES;
				GCC_WARN_UNUSED_VARIABLE = YES;
				IPHONEOS_DEPLOYMENT_TARGET = 11.3;
				MTL_ENABLE_DEBUG_INFO = YES;
				ONLY_ACTIVE_ARCH = YES;
				SDKROOT = iphoneos;
			};
			name = Debug;
		};
		D66CCE1F21E4B45B009ADD17 /* Release */ = {
			isa = XCBuildConfiguration;
			buildSettings = {
				ALWAYS_SEARCH_USER_PATHS = NO;
				CLANG_ANALYZER_NONNULL = YES;
				CLANG_ANALYZER_NUMBER_OBJECT_CONVERSION = YES_AGGRESSIVE;
				CLANG_CXX_LANGUAGE_STANDARD = "gnu++14";
				CLANG_CXX_LIBRARY = "libc++";
				CLANG_ENABLE_MODULES = YES;
				CLANG_ENABLE_OBJC_ARC = YES;
				CLANG_ENABLE_OBJC_WEAK = YES;
				CLANG_WARN_BLOCK_CAPTURE_AUTORELEASING = YES;
				CLANG_WARN_BOOL_CONVERSION = YES;
				CLANG_WARN_COMMA = YES;
				CLANG_WARN_CONSTANT_CONVERSION = YES;
				CLANG_WARN_DEPRECATED_OBJC_IMPLEMENTATIONS = YES;
				CLANG_WARN_DIRECT_OBJC_ISA_USAGE = YES_ERROR;
				CLANG_WARN_DOCUMENTATION_COMMENTS = YES;
				CLANG_WARN_EMPTY_BODY = YES;
				CLANG_WARN_ENUM_CONVERSION = YES;
				CLANG_WARN_INFINITE_RECURSION = YES;
				CLANG_WARN_INT_CONVERSION = YES;
				CLANG_WARN_NON_LITERAL_NULL_CONVERSION = YES;
				CLANG_WARN_OBJC_IMPLICIT_RETAIN_SELF = YES;
				CLANG_WARN_OBJC_LITERAL_CONVERSION = YES;
				CLANG_WARN_OBJC_ROOT_CLASS = YES_ERROR;
				CLANG_WARN_RANGE_LOOP_ANALYSIS = YES;
				CLANG_WARN_STRICT_PROTOTYPES = YES;
				CLANG_WARN_SUSPICIOUS_MOVE = YES;
				CLANG_WARN_UNGUARDED_AVAILABILITY = YES_AGGRESSIVE;
				CLANG_WARN_UNREACHABLE_CODE = YES;
				CLANG_WARN__DUPLICATE_METHOD_MATCH = YES;
				CODE_SIGN_IDENTITY = "iPhone Developer";
				COPY_PHASE_STRIP = NO;
				DEBUG_INFORMATION_FORMAT = "dwarf-with-dsym";
				ENABLE_NS_ASSERTIONS = NO;
				ENABLE_STRICT_OBJC_MSGSEND = YES;
				GCC_C_LANGUAGE_STANDARD = gnu11;
				GCC_NO_COMMON_BLOCKS = YES;
				GCC_WARN_64_TO_32_BIT_CONVERSION = YES;
				GCC_WARN_ABOUT_RETURN_TYPE = YES_ERROR;
				GCC_WARN_UNDECLARED_SELECTOR = YES;
				GCC_WARN_UNINITIALIZED_AUTOS = YES_AGGRESSIVE;
				GCC_WARN_UNUSED_FUNCTION = YES;
				GCC_WARN_UNUSED_VARIABLE = YES;
				IPHONEOS_DEPLOYMENT_TARGET = 11.3;
				MTL_ENABLE_DEBUG_INFO = NO;
				SDKROOT = iphoneos;
				VALIDATE_PRODUCT = YES;
			};
			name = Release;
		};
		D66CCE2121E4B45B009ADD17 /* Debug */ = {
			isa = XCBuildConfiguration;
			baseConfigurationReference = 2A0080EBCDB4CF65767B3A9B /* Pods-Map.debug.xcconfig */;
			buildSettings = {
				ASSETCATALOG_COMPILER_APPICON_NAME = AppIcon;
				CODE_SIGN_STYLE = Automatic;
				DEVELOPMENT_TEAM = VBXN755W85;
				INFOPLIST_FILE = Map/Info.plist;
				IPHONEOS_DEPLOYMENT_TARGET = 11.2;
				LD_RUNPATH_SEARCH_PATHS = (
					"$(inherited)",
					"@executable_path/Frameworks",
				);
				PRODUCT_BUNDLE_IDENTIFIER = Map;
				PRODUCT_NAME = "$(TARGET_NAME)";
				TARGETED_DEVICE_FAMILY = 1;
			};
			name = Debug;
		};
		D66CCE2221E4B45B009ADD17 /* Release */ = {
			isa = XCBuildConfiguration;
			baseConfigurationReference = 7547F341E163CF40B251C20D /* Pods-Map.release.xcconfig */;
			buildSettings = {
				ASSETCATALOG_COMPILER_APPICON_NAME = AppIcon;
				CODE_SIGN_STYLE = Automatic;
				DEVELOPMENT_TEAM = VBXN755W85;
				INFOPLIST_FILE = Map/Info.plist;
				IPHONEOS_DEPLOYMENT_TARGET = 11.2;
				LD_RUNPATH_SEARCH_PATHS = (
					"$(inherited)",
					"@executable_path/Frameworks",
				);
				PRODUCT_BUNDLE_IDENTIFIER = Map;
				PRODUCT_NAME = "$(TARGET_NAME)";
				TARGETED_DEVICE_FAMILY = 1;
			};
			name = Release;
		};
/* End XCBuildConfiguration section */

/* Begin XCConfigurationList section */
		D66CCE0521E4B45A009ADD17 /* Build configuration list for PBXProject "Map" */ = {
			isa = XCConfigurationList;
			buildConfigurations = (
				D66CCE1E21E4B45B009ADD17 /* Debug */,
				D66CCE1F21E4B45B009ADD17 /* Release */,
			);
			defaultConfigurationIsVisible = 0;
			defaultConfigurationName = Release;
		};
		D66CCE2021E4B45B009ADD17 /* Build configuration list for PBXNativeTarget "Map" */ = {
			isa = XCConfigurationList;
			buildConfigurations = (
				D66CCE2121E4B45B009ADD17 /* Debug */,
				D66CCE2221E4B45B009ADD17 /* Release */,
			);
			defaultConfigurationIsVisible = 0;
			defaultConfigurationName = Release;
		};
/* End XCConfigurationList section */
	};
	rootObject = D66CCE0221E4B45A009ADD17 /* Project object */;
}
