// !$*UTF8*$!
{
	archiveVersion = 1;
	classes = {
	};
	objectVersion = 50;
	objects = {

/* Begin PBXBuildFile section */
		3D0D89642A677A7944FEBA0A /* libPods-Map.a in Frameworks */ = {isa = PBXBuildFile; fileRef = 4E3475517200628FE2AB9731 /* libPods-Map.a */; };
		4F10661821F327970035E47A /* MAPPaopaoView.m in Sources */ = {isa = PBXBuildFile; fileRef = 4F10661721F327970035E47A /* MAPPaopaoView.m */; };
		4F10661B21F328A10035E47A /* MAPPaopaoButton.m in Sources */ = {isa = PBXBuildFile; fileRef = 4F10661A21F328A10035E47A /* MAPPaopaoButton.m */; };
		4F10662121F335A10035E47A /* MAPAnnotationView.m in Sources */ = {isa = PBXBuildFile; fileRef = 4F10662021F335A10035E47A /* MAPAnnotationView.m */; };
		D638A76421F1DAF3005DFDFD /* add.png in Resources */ = {isa = PBXBuildFile; fileRef = D638A74D21F1DAF3005DFDFD /* add.png */; };
		D638A76521F1DAF3005DFDFD /* back.png in Resources */ = {isa = PBXBuildFile; fileRef = D638A74E21F1DAF3005DFDFD /* back.png */; };
		D638A76621F1DAF3005DFDFD /* cancel.png in Resources */ = {isa = PBXBuildFile; fileRef = D638A74F21F1DAF3005DFDFD /* cancel.png */; };
		D638A76721F1DAF3005DFDFD /* comment.png in Resources */ = {isa = PBXBuildFile; fileRef = D638A75021F1DAF3005DFDFD /* comment.png */; };
		D638A76821F1DAF3005DFDFD /* compass.png in Resources */ = {isa = PBXBuildFile; fileRef = D638A75121F1DAF3005DFDFD /* compass.png */; };
		D638A76921F1DAF3005DFDFD /* comt.png in Resources */ = {isa = PBXBuildFile; fileRef = D638A75221F1DAF3005DFDFD /* comt.png */; };
		D638A76A21F1DAF3005DFDFD /* image.png in Resources */ = {isa = PBXBuildFile; fileRef = D638A75321F1DAF3005DFDFD /* image.png */; };
		D638A76B21F1DAF3005DFDFD /* info.png in Resources */ = {isa = PBXBuildFile; fileRef = D638A75421F1DAF3005DFDFD /* info.png */; };
		D638A76C21F1DAF3005DFDFD /* like.png in Resources */ = {isa = PBXBuildFile; fileRef = D638A75521F1DAF3005DFDFD /* like.png */; };
		D638A76D21F1DAF3005DFDFD /* link.png in Resources */ = {isa = PBXBuildFile; fileRef = D638A75621F1DAF3005DFDFD /* link.png */; };
		D638A76E21F1DAF3005DFDFD /* local.png in Resources */ = {isa = PBXBuildFile; fileRef = D638A75721F1DAF3005DFDFD /* local.png */; };
		D638A76F21F1DAF3005DFDFD /* menu.png in Resources */ = {isa = PBXBuildFile; fileRef = D638A75821F1DAF3005DFDFD /* menu.png */; };
		D638A77021F1DAF3005DFDFD /* priv.png in Resources */ = {isa = PBXBuildFile; fileRef = D638A75921F1DAF3005DFDFD /* priv.png */; };
		D638A77121F1DAF3005DFDFD /* QQ.png in Resources */ = {isa = PBXBuildFile; fileRef = D638A75A21F1DAF3005DFDFD /* QQ.png */; };
		D638A77221F1DAF3005DFDFD /* sound.png in Resources */ = {isa = PBXBuildFile; fileRef = D638A75B21F1DAF3005DFDFD /* sound.png */; };
		D638A77321F1DAF3005DFDFD /* souRed.png in Resources */ = {isa = PBXBuildFile; fileRef = D638A75C21F1DAF3005DFDFD /* souRed.png */; };
		D638A77421F1DAF3005DFDFD /* start.png in Resources */ = {isa = PBXBuildFile; fileRef = D638A75D21F1DAF3005DFDFD /* start.png */; };
		D638A77521F1DAF3005DFDFD /* video.png in Resources */ = {isa = PBXBuildFile; fileRef = D638A75E21F1DAF3005DFDFD /* video.png */; };
		D638A77621F1DAF3005DFDFD /* voice.png in Resources */ = {isa = PBXBuildFile; fileRef = D638A75F21F1DAF3005DFDFD /* voice.png */; };
		D638A77721F1DAF3005DFDFD /* weChat.png in Resources */ = {isa = PBXBuildFile; fileRef = D638A76021F1DAF3005DFDFD /* weChat.png */; };
		D638A77821F1DAF3005DFDFD /* weibo.png in Resources */ = {isa = PBXBuildFile; fileRef = D638A76121F1DAF3005DFDFD /* weibo.png */; };
		D638A77921F1DAF3005DFDFD /* 头像.JPG in Resources */ = {isa = PBXBuildFile; fileRef = D638A76221F1DAF3005DFDFD /* 头像.JPG */; };
		D638A77A21F1DAF3005DFDFD /* 定位.png in Resources */ = {isa = PBXBuildFile; fileRef = D638A76321F1DAF3005DFDFD /* 定位.png */; };
		D64FBBBF21EC886B00CB3BFC /* MAPHomePageViewController.m in Sources */ = {isa = PBXBuildFile; fileRef = D64FBBBB21EC886B00CB3BFC /* MAPHomePageViewController.m */; };
		D64FBBC021EC886B00CB3BFC /* MAPHomePageView.m in Sources */ = {isa = PBXBuildFile; fileRef = D64FBBBE21EC886B00CB3BFC /* MAPHomePageView.m */; };
		D66CCE0F21E4B45A009ADD17 /* AppDelegate.m in Sources */ = {isa = PBXBuildFile; fileRef = D66CCE0E21E4B45A009ADD17 /* AppDelegate.m */; };
		D66CCE1521E4B45A009ADD17 /* Main.storyboard in Resources */ = {isa = PBXBuildFile; fileRef = D66CCE1321E4B45A009ADD17 /* Main.storyboard */; };
		D66CCE1721E4B45B009ADD17 /* Assets.xcassets in Resources */ = {isa = PBXBuildFile; fileRef = D66CCE1621E4B45B009ADD17 /* Assets.xcassets */; };
		D66CCE1A21E4B45B009ADD17 /* LaunchScreen.storyboard in Resources */ = {isa = PBXBuildFile; fileRef = D66CCE1821E4B45B009ADD17 /* LaunchScreen.storyboard */; };
		D66CCE1D21E4B45B009ADD17 /* main.m in Sources */ = {isa = PBXBuildFile; fileRef = D66CCE1C21E4B45B009ADD17 /* main.m */; };
/* End PBXBuildFile section */

/* Begin PBXFileReference section */
		2A0080EBCDB4CF65767B3A9B /* Pods-Map.debug.xcconfig */ = {isa = PBXFileReference; includeInIndex = 1; lastKnownFileType = text.xcconfig; name = "Pods-Map.debug.xcconfig"; path = "Pods/Target Support Files/Pods-Map/Pods-Map.debug.xcconfig"; sourceTree = "<group>"; };
		4E3475517200628FE2AB9731 /* libPods-Map.a */ = {isa = PBXFileReference; explicitFileType = archive.ar; includeInIndex = 0; path = "libPods-Map.a"; sourceTree = BUILT_PRODUCTS_DIR; };
		4F10661621F327970035E47A /* MAPPaopaoView.h */ = {isa = PBXFileReference; lastKnownFileType = sourcecode.c.h; path = MAPPaopaoView.h; sourceTree = "<group>"; };
		4F10661721F327970035E47A /* MAPPaopaoView.m */ = {isa = PBXFileReference; lastKnownFileType = sourcecode.c.objc; path = MAPPaopaoView.m; sourceTree = "<group>"; };
		4F10661921F328A10035E47A /* MAPPaopaoButton.h */ = {isa = PBXFileReference; lastKnownFileType = sourcecode.c.h; path = MAPPaopaoButton.h; sourceTree = "<group>"; };
		4F10661A21F328A10035E47A /* MAPPaopaoButton.m */ = {isa = PBXFileReference; lastKnownFileType = sourcecode.c.objc; path = MAPPaopaoButton.m; sourceTree = "<group>"; };
		4F10661F21F335A10035E47A /* MAPAnnotationView.h */ = {isa = PBXFileReference; lastKnownFileType = sourcecode.c.h; path = MAPAnnotationView.h; sourceTree = "<group>"; };
		4F10662021F335A10035E47A /* MAPAnnotationView.m */ = {isa = PBXFileReference; lastKnownFileType = sourcecode.c.objc; path = MAPAnnotationView.m; sourceTree = "<group>"; };
		7547F341E163CF40B251C20D /* Pods-Map.release.xcconfig */ = {isa = PBXFileReference; includeInIndex = 1; lastKnownFileType = text.xcconfig; name = "Pods-Map.release.xcconfig"; path = "Pods/Target Support Files/Pods-Map/Pods-Map.release.xcconfig"; sourceTree = "<group>"; };
		D638A74D21F1DAF3005DFDFD /* add.png */ = {isa = PBXFileReference; lastKnownFileType = image.png; path = add.png; sourceTree = "<group>"; };
		D638A74E21F1DAF3005DFDFD /* back.png */ = {isa = PBXFileReference; lastKnownFileType = image.png; path = back.png; sourceTree = "<group>"; };
		D638A74F21F1DAF3005DFDFD /* cancel.png */ = {isa = PBXFileReference; lastKnownFileType = image.png; path = cancel.png; sourceTree = "<group>"; };
		D638A75021F1DAF3005DFDFD /* comment.png */ = {isa = PBXFileReference; lastKnownFileType = image.png; path = comment.png; sourceTree = "<group>"; };
		D638A75121F1DAF3005DFDFD /* compass.png */ = {isa = PBXFileReference; lastKnownFileType = image.png; path = compass.png; sourceTree = "<group>"; };
		D638A75221F1DAF3005DFDFD /* comt.png */ = {isa = PBXFileReference; lastKnownFileType = image.png; path = comt.png; sourceTree = "<group>"; };
		D638A75321F1DAF3005DFDFD /* image.png */ = {isa = PBXFileReference; lastKnownFileType = image.png; path = image.png; sourceTree = "<group>"; };
		D638A75421F1DAF3005DFDFD /* info.png */ = {isa = PBXFileReference; lastKnownFileType = image.png; path = info.png; sourceTree = "<group>"; };
		D638A75521F1DAF3005DFDFD /* like.png */ = {isa = PBXFileReference; lastKnownFileType = image.png; path = like.png; sourceTree = "<group>"; };
		D638A75621F1DAF3005DFDFD /* link.png */ = {isa = PBXFileReference; lastKnownFileType = image.png; path = link.png; sourceTree = "<group>"; };
		D638A75721F1DAF3005DFDFD /* local.png */ = {isa = PBXFileReference; lastKnownFileType = image.png; path = local.png; sourceTree = "<group>"; };
		D638A75821F1DAF3005DFDFD /* menu.png */ = {isa = PBXFileReference; lastKnownFileType = image.png; path = menu.png; sourceTree = "<group>"; };
		D638A75921F1DAF3005DFDFD /* priv.png */ = {isa = PBXFileReference; lastKnownFileType = image.png; path = priv.png; sourceTree = "<group>"; };
		D638A75A21F1DAF3005DFDFD /* QQ.png */ = {isa = PBXFileReference; lastKnownFileType = image.png; path = QQ.png; sourceTree = "<group>"; };
		D638A75B21F1DAF3005DFDFD /* sound.png */ = {isa = PBXFileReference; lastKnownFileType = image.png; path = sound.png; sourceTree = "<group>"; };
		D638A75C21F1DAF3005DFDFD /* souRed.png */ = {isa = PBXFileReference; lastKnownFileType = image.png; path = souRed.png; sourceTree = "<group>"; };
		D638A75D21F1DAF3005DFDFD /* start.png */ = {isa = PBXFileReference; lastKnownFileType = image.png; path = start.png; sourceTree = "<group>"; };
		D638A75E21F1DAF3005DFDFD /* video.png */ = {isa = PBXFileReference; lastKnownFileType = image.png; path = video.png; sourceTree = "<group>"; };
		D638A75F21F1DAF3005DFDFD /* voice.png */ = {isa = PBXFileReference; lastKnownFileType = image.png; path = voice.png; sourceTree = "<group>"; };
		D638A76021F1DAF3005DFDFD /* weChat.png */ = {isa = PBXFileReference; lastKnownFileType = image.png; path = weChat.png; sourceTree = "<group>"; };
		D638A76121F1DAF3005DFDFD /* weibo.png */ = {isa = PBXFileReference; lastKnownFileType = image.png; path = weibo.png; sourceTree = "<group>"; };
		D638A76221F1DAF3005DFDFD /* 头像.JPG */ = {isa = PBXFileReference; lastKnownFileType = image.jpeg; path = "头像.JPG"; sourceTree = "<group>"; };
		D638A76321F1DAF3005DFDFD /* 定位.png */ = {isa = PBXFileReference; lastKnownFileType = image.png; path = "定位.png"; sourceTree = "<group>"; };
		D64FBBBA21EC886B00CB3BFC /* MAPHomePageViewController.h */ = {isa = PBXFileReference; fileEncoding = 4; lastKnownFileType = sourcecode.c.h; path = MAPHomePageViewController.h; sourceTree = "<group>"; };
		D64FBBBB21EC886B00CB3BFC /* MAPHomePageViewController.m */ = {isa = PBXFileReference; fileEncoding = 4; lastKnownFileType = sourcecode.c.objc; path = MAPHomePageViewController.m; sourceTree = "<group>"; };
		D64FBBBD21EC886B00CB3BFC /* MAPHomePageView.h */ = {isa = PBXFileReference; fileEncoding = 4; lastKnownFileType = sourcecode.c.h; path = MAPHomePageView.h; sourceTree = "<group>"; };
		D64FBBBE21EC886B00CB3BFC /* MAPHomePageView.m */ = {isa = PBXFileReference; fileEncoding = 4; lastKnownFileType = sourcecode.c.objc; path = MAPHomePageView.m; sourceTree = "<group>"; };
		D66CCE0A21E4B45A009ADD17 /* Map.app */ = {isa = PBXFileReference; explicitFileType = wrapper.application; includeInIndex = 0; path = Map.app; sourceTree = BUILT_PRODUCTS_DIR; };
		D66CCE0D21E4B45A009ADD17 /* AppDelegate.h */ = {isa = PBXFileReference; lastKnownFileType = sourcecode.c.h; path = AppDelegate.h; sourceTree = "<group>"; };
		D66CCE0E21E4B45A009ADD17 /* AppDelegate.m */ = {isa = PBXFileReference; lastKnownFileType = sourcecode.c.objc; path = AppDelegate.m; sourceTree = "<group>"; };
		D66CCE1421E4B45A009ADD17 /* Base */ = {isa = PBXFileReference; lastKnownFileType = file.storyboard; name = Base; path = Base.lproj/Main.storyboard; sourceTree = "<group>"; };
		D66CCE1621E4B45B009ADD17 /* Assets.xcassets */ = {isa = PBXFileReference; lastKnownFileType = folder.assetcatalog; path = Assets.xcassets; sourceTree = "<group>"; };
		D66CCE1921E4B45B009ADD17 /* Base */ = {isa = PBXFileReference; lastKnownFileType = file.storyboard; name = Base; path = Base.lproj/LaunchScreen.storyboard; sourceTree = "<group>"; };
		D66CCE1B21E4B45B009ADD17 /* Info.plist */ = {isa = PBXFileReference; lastKnownFileType = text.plist.xml; path = Info.plist; sourceTree = "<group>"; };
		D66CCE1C21E4B45B009ADD17 /* main.m */ = {isa = PBXFileReference; lastKnownFileType = sourcecode.c.objc; path = main.m; sourceTree = "<group>"; };
/* End PBXFileReference section */

/* Begin PBXFrameworksBuildPhase section */
		D66CCE0721E4B45A009ADD17 /* Frameworks */ = {
			isa = PBXFrameworksBuildPhase;
			buildActionMask = 2147483647;
			files = (
				3D0D89642A677A7944FEBA0A /* libPods-Map.a in Frameworks */,
			);
			runOnlyForDeploymentPostprocessing = 0;
		};
/* End PBXFrameworksBuildPhase section */

/* Begin PBXGroup section */
		2F20D26CC71979885D5DC72F /* Frameworks */ = {
			isa = PBXGroup;
			children = (
				4E3475517200628FE2AB9731 /* libPods-Map.a */,
			);
			name = Frameworks;
			sourceTree = "<group>";
		};
		4F10662221F336ED0035E47A /* HomePageView */ = {
			isa = PBXGroup;
			children = (
				D64FBBBD21EC886B00CB3BFC /* MAPHomePageView.h */,
				D64FBBBE21EC886B00CB3BFC /* MAPHomePageView.m */,
			);
			path = HomePageView;
			sourceTree = "<group>";
		};
		4F10662321F336FD0035E47A /* AnnotationView */ = {
			isa = PBXGroup;
			children = (
				4F10661F21F335A10035E47A /* MAPAnnotationView.h */,
				4F10662021F335A10035E47A /* MAPAnnotationView.m */,
				4F10661621F327970035E47A /* MAPPaopaoView.h */,
				4F10661721F327970035E47A /* MAPPaopaoView.m */,
				4F10661921F328A10035E47A /* MAPPaopaoButton.h */,
				4F10661A21F328A10035E47A /* MAPPaopaoButton.m */,
			);
			path = AnnotationView;
			sourceTree = "<group>";
		};
		63490C92BDFBDE4C7ED363E4 /* Pods */ = {
			isa = PBXGroup;
			children = (
				2A0080EBCDB4CF65767B3A9B /* Pods-Map.debug.xcconfig */,
				7547F341E163CF40B251C20D /* Pods-Map.release.xcconfig */,
			);
			name = Pods;
			sourceTree = "<group>";
		};
		D61F8A7C21ECB2A600106FBC /* SupportingFiles */ = {
			isa = PBXGroup;
			children = (
				D66CCE0D21E4B45A009ADD17 /* AppDelegate.h */,
				D66CCE0E21E4B45A009ADD17 /* AppDelegate.m */,
				D66CCE1321E4B45A009ADD17 /* Main.storyboard */,
				D66CCE1621E4B45B009ADD17 /* Assets.xcassets */,
				D66CCE1821E4B45B009ADD17 /* LaunchScreen.storyboard */,
				D66CCE1C21E4B45B009ADD17 /* main.m */,
			);
			path = SupportingFiles;
			sourceTree = "<group>";
		};
		D638A74C21F1DAF3005DFDFD /* Images */ = {
			isa = PBXGroup;
			children = (
				D638A74D21F1DAF3005DFDFD /* add.png */,
				D638A74E21F1DAF3005DFDFD /* back.png */,
				D638A74F21F1DAF3005DFDFD /* cancel.png */,
				D638A75021F1DAF3005DFDFD /* comment.png */,
				D638A75121F1DAF3005DFDFD /* compass.png */,
				D638A75221F1DAF3005DFDFD /* comt.png */,
				D638A75321F1DAF3005DFDFD /* image.png */,
				D638A75421F1DAF3005DFDFD /* info.png */,
				D638A75521F1DAF3005DFDFD /* like.png */,
				D638A75621F1DAF3005DFDFD /* link.png */,
				D638A75721F1DAF3005DFDFD /* local.png */,
				D638A75821F1DAF3005DFDFD /* menu.png */,
				D638A75921F1DAF3005DFDFD /* priv.png */,
				D638A75A21F1DAF3005DFDFD /* QQ.png */,
				D638A75B21F1DAF3005DFDFD /* sound.png */,
				D638A75C21F1DAF3005DFDFD /* souRed.png */,
				D638A75D21F1DAF3005DFDFD /* start.png */,
				D638A75E21F1DAF3005DFDFD /* video.png */,
				D638A75F21F1DAF3005DFDFD /* voice.png */,
				D638A76021F1DAF3005DFDFD /* weChat.png */,
				D638A76121F1DAF3005DFDFD /* weibo.png */,
				D638A76221F1DAF3005DFDFD /* 头像.JPG */,
				D638A76321F1DAF3005DFDFD /* 定位.png */,
			);
			path = Images;
			sourceTree = SOURCE_ROOT;
		};
		D64FBBB821EC886B00CB3BFC /* MapHomePage */ = {
			isa = PBXGroup;
			children = (
				D64FBBB921EC886B00CB3BFC /* Controllers */,
				D64FBBBC21EC886B00CB3BFC /* Views */,
			);
			path = MapHomePage;
			sourceTree = "<group>";
		};
		D64FBBB921EC886B00CB3BFC /* Controllers */ = {
			isa = PBXGroup;
			children = (
				D64FBBBA21EC886B00CB3BFC /* MAPHomePageViewController.h */,
				D64FBBBB21EC886B00CB3BFC /* MAPHomePageViewController.m */,
			);
			path = Controllers;
			sourceTree = "<group>";
		};
		D64FBBBC21EC886B00CB3BFC /* Views */ = {
			isa = PBXGroup;
			children = (
				4F10662221F336ED0035E47A /* HomePageView */,
				4F10662321F336FD0035E47A /* AnnotationView */,
			);
			path = Views;
			sourceTree = "<group>";
		};
		D66CCE0121E4B45A009ADD17 = {
			isa = PBXGroup;
			children = (
				D66CCE0C21E4B45A009ADD17 /* Map */,
				D66CCE0B21E4B45A009ADD17 /* Products */,
				63490C92BDFBDE4C7ED363E4 /* Pods */,
				2F20D26CC71979885D5DC72F /* Frameworks */,
			);
			sourceTree = "<group>";
		};
		D66CCE0B21E4B45A009ADD17 /* Products */ = {
			isa = PBXGroup;
			children = (
				D66CCE0A21E4B45A009ADD17 /* Map.app */,
			);
			name = Products;
			sourceTree = "<group>";
		};
		D66CCE0C21E4B45A009ADD17 /* Map */ = {
			isa = PBXGroup;
			children = (
				D638A74C21F1DAF3005DFDFD /* Images */,
				D61F8A7C21ECB2A600106FBC /* SupportingFiles */,
				D64FBBB821EC886B00CB3BFC /* MapHomePage */,
				D66CCE1B21E4B45B009ADD17 /* Info.plist */,
			);
			path = Map;
			sourceTree = "<group>";
		};
/* End PBXGroup section */

/* Begin PBXNativeTarget section */
		D66CCE0921E4B45A009ADD17 /* Map */ = {
			isa = PBXNativeTarget;
			buildConfigurationList = D66CCE2021E4B45B009ADD17 /* Build configuration list for PBXNativeTarget "Map" */;
			buildPhases = (
				C8721AC0EC00BE4C0AF0445A /* [CP] Check Pods Manifest.lock */,
				D66CCE0621E4B45A009ADD17 /* Sources */,
				D66CCE0721E4B45A009ADD17 /* Frameworks */,
				D66CCE0821E4B45A009ADD17 /* Resources */,
				72E56D64259B926FB2B6B22C /* [CP] Copy Pods Resources */,
			);
			buildRules = (
			);
			dependencies = (
			);
			name = Map;
			productName = Map;
			productReference = D66CCE0A21E4B45A009ADD17 /* Map.app */;
			productType = "com.apple.product-type.application";
		};
/* End PBXNativeTarget section */

/* Begin PBXProject section */
		D66CCE0221E4B45A009ADD17 /* Project object */ = {
			isa = PBXProject;
			attributes = {
				LastUpgradeCheck = 0930;
				ORGANIZATIONNAME = "小哲的DELL";
				TargetAttributes = {
					D66CCE0921E4B45A009ADD17 = {
						CreatedOnToolsVersion = 9.3.1;
					};
				};
			};
			buildConfigurationList = D66CCE0521E4B45A009ADD17 /* Build configuration list for PBXProject "Map" */;
			compatibilityVersion = "Xcode 9.3";
			developmentRegion = en;
			hasScannedForEncodings = 0;
			knownRegions = (
				en,
				Base,
			);
			mainGroup = D66CCE0121E4B45A009ADD17;
			productRefGroup = D66CCE0B21E4B45A009ADD17 /* Products */;
			projectDirPath = "";
			projectRoot = "";
			targets = (
				D66CCE0921E4B45A009ADD17 /* Map */,
			);
		};
/* End PBXProject section */

/* Begin PBXResourcesBuildPhase section */
		D66CCE0821E4B45A009ADD17 /* Resources */ = {
			isa = PBXResourcesBuildPhase;
			buildActionMask = 2147483647;
			files = (
				D638A77A21F1DAF3005DFDFD /* 定位.png in Resources */,
				D66CCE1A21E4B45B009ADD17 /* LaunchScreen.storyboard in Resources */,
				D638A77221F1DAF3005DFDFD /* sound.png in Resources */,
				D638A77821F1DAF3005DFDFD /* weibo.png in Resources */,
				D638A77421F1DAF3005DFDFD /* start.png in Resources */,
				D638A76521F1DAF3005DFDFD /* back.png in Resources */,
				D638A76921F1DAF3005DFDFD /* comt.png in Resources */,
				D638A76B21F1DAF3005DFDFD /* info.png in Resources */,
				D66CCE1721E4B45B009ADD17 /* Assets.xcassets in Resources */,
				D638A76E21F1DAF3005DFDFD /* local.png in Resources */,
				D638A77121F1DAF3005DFDFD /* QQ.png in Resources */,
				D638A77921F1DAF3005DFDFD /* 头像.JPG in Resources */,
				D638A76621F1DAF3005DFDFD /* cancel.png in Resources */,
				D638A77621F1DAF3005DFDFD /* voice.png in Resources */,
				D638A76821F1DAF3005DFDFD /* compass.png in Resources */,
				D66CCE1521E4B45A009ADD17 /* Main.storyboard in Resources */,
				D638A76D21F1DAF3005DFDFD /* link.png in Resources */,
				D638A77721F1DAF3005DFDFD /* weChat.png in Resources */,
				D638A76C21F1DAF3005DFDFD /* like.png in Resources */,
				D638A77321F1DAF3005DFDFD /* souRed.png in Resources */,
				D638A76F21F1DAF3005DFDFD /* menu.png in Resources */,
				D638A77021F1DAF3005DFDFD /* priv.png in Resources */,
				D638A76421F1DAF3005DFDFD /* add.png in Resources */,
				D638A76721F1DAF3005DFDFD /* comment.png in Resources */,
				D638A77521F1DAF3005DFDFD /* video.png in Resources */,
				D638A76A21F1DAF3005DFDFD /* image.png in Resources */,
			);
			runOnlyForDeploymentPostprocessing = 0;
		};
/* End PBXResourcesBuildPhase section */

/* Begin PBXShellScriptBuildPhase section */
		72E56D64259B926FB2B6B22C /* [CP] Copy Pods Resources */ = {
			isa = PBXShellScriptBuildPhase;
			buildActionMask = 2147483647;
			files = (
			);
			inputPaths = (
				"${SRCROOT}/Pods/Target Support Files/Pods-Map/Pods-Map-resources.sh",
				"${PODS_ROOT}/BaiduMapKit/BaiduMapKit/BaiduMapAPI_Map.framework/mapapi.bundle",
			);
			name = "[CP] Copy Pods Resources";
			outputPaths = (
				"${TARGET_BUILD_DIR}/${UNLOCALIZED_RESOURCES_FOLDER_PATH}/mapapi.bundle",
			);
			runOnlyForDeploymentPostprocessing = 0;
			shellPath = /bin/sh;
			shellScript = "\"${SRCROOT}/Pods/Target Support Files/Pods-Map/Pods-Map-resources.sh\"\n";
			showEnvVarsInLog = 0;
		};
		C8721AC0EC00BE4C0AF0445A /* [CP] Check Pods Manifest.lock */ = {
			isa = PBXShellScriptBuildPhase;
			buildActionMask = 2147483647;
			files = (
			);
			inputPaths = (
				"${PODS_PODFILE_DIR_PATH}/Podfile.lock",
				"${PODS_ROOT}/Manifest.lock",
			);
			name = "[CP] Check Pods Manifest.lock";
			outputPaths = (
				"$(DERIVED_FILE_DIR)/Pods-Map-checkManifestLockResult.txt",
			);
			runOnlyForDeploymentPostprocessing = 0;
			shellPath = /bin/sh;
			shellScript = "diff \"${PODS_PODFILE_DIR_PATH}/Podfile.lock\" \"${PODS_ROOT}/Manifest.lock\" > /dev/null\nif [ $? != 0 ] ; then\n    # print error to STDERR\n    echo \"error: The sandbox is not in sync with the Podfile.lock. Run 'pod install' or update your CocoaPods installation.\" >&2\n    exit 1\nfi\n# This output is used by Xcode 'outputs' to avoid re-running this script phase.\necho \"SUCCESS\" > \"${SCRIPT_OUTPUT_FILE_0}\"\n";
			showEnvVarsInLog = 0;
		};
/* End PBXShellScriptBuildPhase section */

/* Begin PBXSourcesBuildPhase section */
		D66CCE0621E4B45A009ADD17 /* Sources */ = {
			isa = PBXSourcesBuildPhase;
			buildActionMask = 2147483647;
			files = (
				4F10662121F335A10035E47A /* MAPAnnotationView.m in Sources */,
				D64FBBBF21EC886B00CB3BFC /* MAPHomePageViewController.m in Sources */,
				4F10661821F327970035E47A /* MAPPaopaoView.m in Sources */,
				4F10661B21F328A10035E47A /* MAPPaopaoButton.m in Sources */,
				D66CCE1D21E4B45B009ADD17 /* main.m in Sources */,
				D64FBBC021EC886B00CB3BFC /* MAPHomePageView.m in Sources */,
				D66CCE0F21E4B45A009ADD17 /* AppDelegate.m in Sources */,
			);
			runOnlyForDeploymentPostprocessing = 0;
		};
/* End PBXSourcesBuildPhase section */

/* Begin PBXVariantGroup section */
		D66CCE1321E4B45A009ADD17 /* Main.storyboard */ = {
			isa = PBXVariantGroup;
			children = (
				D66CCE1421E4B45A009ADD17 /* Base */,
			);
			name = Main.storyboard;
			sourceTree = "<group>";
		};
		D66CCE1821E4B45B009ADD17 /* LaunchScreen.storyboard */ = {
			isa = PBXVariantGroup;
			children = (
				D66CCE1921E4B45B009ADD17 /* Base */,
			);
			name = LaunchScreen.storyboard;
			sourceTree = "<group>";
		};
/* End PBXVariantGroup section */

/* Begin XCBuildConfiguration section */
		D66CCE1E21E4B45B009ADD17 /* Debug */ = {
			isa = XCBuildConfiguration;
			buildSettings = {
				ALWAYS_SEARCH_USER_PATHS = NO;
				CLANG_ANALYZER_NONNULL = YES;
				CLANG_ANALYZER_NUMBER_OBJECT_CONVERSION = YES_AGGRESSIVE;
				CLANG_CXX_LANGUAGE_STANDARD = "gnu++14";
				CLANG_CXX_LIBRARY = "libc++";
				CLANG_ENABLE_MODULES = YES;
				CLANG_ENABLE_OBJC_ARC = YES;
				CLANG_ENABLE_OBJC_WEAK = YES;
				CLANG_WARN_BLOCK_CAPTURE_AUTORELEASING = YES;
				CLANG_WARN_BOOL_CONVERSION = YES;
				CLANG_WARN_COMMA = YES;
				CLANG_WARN_CONSTANT_CONVERSION = YES;
				CLANG_WARN_DEPRECATED_OBJC_IMPLEMENTATIONS = YES;
				CLANG_WARN_DIRECT_OBJC_ISA_USAGE = YES_ERROR;
				CLANG_WARN_DOCUMENTATION_COMMENTS = YES;
				CLANG_WARN_EMPTY_BODY = YES;
				CLANG_WARN_ENUM_CONVERSION = YES;
				CLANG_WARN_INFINITE_RECURSION = YES;
				CLANG_WARN_INT_CONVERSION = YES;
				CLANG_WARN_NON_LITERAL_NULL_CONVERSION = YES;
				CLANG_WARN_OBJC_IMPLICIT_RETAIN_SELF = YES;
				CLANG_WARN_OBJC_LITERAL_CONVERSION = YES;
				CLANG_WARN_OBJC_ROOT_CLASS = YES_ERROR;
				CLANG_WARN_RANGE_LOOP_ANALYSIS = YES;
				CLANG_WARN_STRICT_PROTOTYPES = YES;
				CLANG_WARN_SUSPICIOUS_MOVE = YES;
				CLANG_WARN_UNGUARDED_AVAILABILITY = YES_AGGRESSIVE;
				CLANG_WARN_UNREACHABLE_CODE = YES;
				CLANG_WARN__DUPLICATE_METHOD_MATCH = YES;
				CODE_SIGN_IDENTITY = "iPhone Developer";
				COPY_PHASE_STRIP = NO;
				DEBUG_INFORMATION_FORMAT = dwarf;
				ENABLE_STRICT_OBJC_MSGSEND = YES;
				ENABLE_TESTABILITY = YES;
				GCC_C_LANGUAGE_STANDARD = gnu11;
				GCC_DYNAMIC_NO_PIC = NO;
				GCC_NO_COMMON_BLOCKS = YES;
				GCC_OPTIMIZATION_LEVEL = 0;
				GCC_PREPROCESSOR_DEFINITIONS = (
					"DEBUG=1",
					"$(inherited)",
				);
				GCC_WARN_64_TO_32_BIT_CONVERSION = YES;
				GCC_WARN_ABOUT_RETURN_TYPE = YES_ERROR;
				GCC_WARN_UNDECLARED_SELECTOR = YES;
				GCC_WARN_UNINITIALIZED_AUTOS = YES_AGGRESSIVE;
				GCC_WARN_UNUSED_FUNCTION = YES;
				GCC_WARN_UNUSED_VARIABLE = YES;
				IPHONEOS_DEPLOYMENT_TARGET = 11.3;
				MTL_ENABLE_DEBUG_INFO = YES;
				ONLY_ACTIVE_ARCH = YES;
				SDKROOT = iphoneos;
			};
			name = Debug;
		};
		D66CCE1F21E4B45B009ADD17 /* Release */ = {
			isa = XCBuildConfiguration;
			buildSettings = {
				ALWAYS_SEARCH_USER_PATHS = NO;
				CLANG_ANALYZER_NONNULL = YES;
				CLANG_ANALYZER_NUMBER_OBJECT_CONVERSION = YES_AGGRESSIVE;
				CLANG_CXX_LANGUAGE_STANDARD = "gnu++14";
				CLANG_CXX_LIBRARY = "libc++";
				CLANG_ENABLE_MODULES = YES;
				CLANG_ENABLE_OBJC_ARC = YES;
				CLANG_ENABLE_OBJC_WEAK = YES;
				CLANG_WARN_BLOCK_CAPTURE_AUTORELEASING = YES;
				CLANG_WARN_BOOL_CONVERSION = YES;
				CLANG_WARN_COMMA = YES;
				CLANG_WARN_CONSTANT_CONVERSION = YES;
				CLANG_WARN_DEPRECATED_OBJC_IMPLEMENTATIONS = YES;
				CLANG_WARN_DIRECT_OBJC_ISA_USAGE = YES_ERROR;
				CLANG_WARN_DOCUMENTATION_COMMENTS = YES;
				CLANG_WARN_EMPTY_BODY = YES;
				CLANG_WARN_ENUM_CONVERSION = YES;
				CLANG_WARN_INFINITE_RECURSION = YES;
				CLANG_WARN_INT_CONVERSION = YES;
				CLANG_WARN_NON_LITERAL_NULL_CONVERSION = YES;
				CLANG_WARN_OBJC_IMPLICIT_RETAIN_SELF = YES;
				CLANG_WARN_OBJC_LITERAL_CONVERSION = YES;
				CLANG_WARN_OBJC_ROOT_CLASS = YES_ERROR;
				CLANG_WARN_RANGE_LOOP_ANALYSIS = YES;
				CLANG_WARN_STRICT_PROTOTYPES = YES;
				CLANG_WARN_SUSPICIOUS_MOVE = YES;
				CLANG_WARN_UNGUARDED_AVAILABILITY = YES_AGGRESSIVE;
				CLANG_WARN_UNREACHABLE_CODE = YES;
				CLANG_WARN__DUPLICATE_METHOD_MATCH = YES;
				CODE_SIGN_IDENTITY = "iPhone Developer";
				COPY_PHASE_STRIP = NO;
				DEBUG_INFORMATION_FORMAT = "dwarf-with-dsym";
				ENABLE_NS_ASSERTIONS = NO;
				ENABLE_STRICT_OBJC_MSGSEND = YES;
				GCC_C_LANGUAGE_STANDARD = gnu11;
				GCC_NO_COMMON_BLOCKS = YES;
				GCC_WARN_64_TO_32_BIT_CONVERSION = YES;
				GCC_WARN_ABOUT_RETURN_TYPE = YES_ERROR;
				GCC_WARN_UNDECLARED_SELECTOR = YES;
				GCC_WARN_UNINITIALIZED_AUTOS = YES_AGGRESSIVE;
				GCC_WARN_UNUSED_FUNCTION = YES;
				GCC_WARN_UNUSED_VARIABLE = YES;
				IPHONEOS_DEPLOYMENT_TARGET = 11.3;
				MTL_ENABLE_DEBUG_INFO = NO;
				SDKROOT = iphoneos;
				VALIDATE_PRODUCT = YES;
			};
			name = Release;
		};
		D66CCE2121E4B45B009ADD17 /* Debug */ = {
			isa = XCBuildConfiguration;
			baseConfigurationReference = 2A0080EBCDB4CF65767B3A9B /* Pods-Map.debug.xcconfig */;
			buildSettings = {
				ASSETCATALOG_COMPILER_APPICON_NAME = AppIcon;
				CODE_SIGN_STYLE = Automatic;
				INFOPLIST_FILE = Map/Info.plist;
				LD_RUNPATH_SEARCH_PATHS = (
					"$(inherited)",
					"@executable_path/Frameworks",
				);
				PRODUCT_BUNDLE_IDENTIFIER = "-.Map";
				PRODUCT_NAME = "$(TARGET_NAME)";
				TARGETED_DEVICE_FAMILY = "1,2";
			};
			name = Debug;
		};
		D66CCE2221E4B45B009ADD17 /* Release */ = {
			isa = XCBuildConfiguration;
			baseConfigurationReference = 7547F341E163CF40B251C20D /* Pods-Map.release.xcconfig */;
			buildSettings = {
				ASSETCATALOG_COMPILER_APPICON_NAME = AppIcon;
				CODE_SIGN_STYLE = Automatic;
				INFOPLIST_FILE = Map/Info.plist;
				LD_RUNPATH_SEARCH_PATHS = (
					"$(inherited)",
					"@executable_path/Frameworks",
				);
				PRODUCT_BUNDLE_IDENTIFIER = "-.Map";
				PRODUCT_NAME = "$(TARGET_NAME)";
				TARGETED_DEVICE_FAMILY = "1,2";
			};
			name = Release;
		};
/* End XCBuildConfiguration section */

/* Begin XCConfigurationList section */
		D66CCE0521E4B45A009ADD17 /* Build configuration list for PBXProject "Map" */ = {
			isa = XCConfigurationList;
			buildConfigurations = (
				D66CCE1E21E4B45B009ADD17 /* Debug */,
				D66CCE1F21E4B45B009ADD17 /* Release */,
			);
			defaultConfigurationIsVisible = 0;
			defaultConfigurationName = Release;
		};
		D66CCE2021E4B45B009ADD17 /* Build configuration list for PBXNativeTarget "Map" */ = {
			isa = XCConfigurationList;
			buildConfigurations = (
				D66CCE2121E4B45B009ADD17 /* Debug */,
				D66CCE2221E4B45B009ADD17 /* Release */,
			);
			defaultConfigurationIsVisible = 0;
			defaultConfigurationName = Release;
		};
/* End XCConfigurationList section */
	};
	rootObject = D66CCE0221E4B45A009ADD17 /* Project object */;
}
